// !$*UTF8*$!
{
	archiveVersion = 1;
	classes = {
	};
	objectVersion = 56;
	objects = {

/* Begin PBXBuildFile section */
		FE42A35C2C959D5300C30205 /* Launch Screen.storyboard in Resources */ = {isa = PBXBuildFile; fileRef = FE42A35B2C959D5300C30205 /* Launch Screen.storyboard */; };
		FE624C112C92CCEC005195EC /* SQLite in Frameworks */ = {isa = PBXBuildFile; productRef = FE624C102C92CCEC005195EC /* SQLite */; };
		FE6DD0522C930E5D00736D71 /* அரண்.mp3 in Resources */ = {isa = PBXBuildFile; fileRef = FE6DCFCE2C930E5B00736D71 /* அரண்.mp3 */; };
		FE6DD0532C930E5D00736D71 /* இல்வாழ்க்கை.mp3 in Resources */ = {isa = PBXBuildFile; fileRef = FE6DCFCF2C930E5B00736D71 /* இல்வாழ்க்கை.mp3 */; };
		FE6DD0542C930E5D00736D71 /* வலியறிதல்.mp3 in Resources */ = {isa = PBXBuildFile; fileRef = FE6DCFD02C930E5B00736D71 /* வலியறிதல்.mp3 */; };
		FE6DD0552C930E5D00736D71 /* புலவி.mp3 in Resources */ = {isa = PBXBuildFile; fileRef = FE6DCFD12C930E5B00736D71 /* புலவி.mp3 */; };
		FE6DD0562C930E5D00736D71 /* பிரிவாற்றாமை.mp3 in Resources */ = {isa = PBXBuildFile; fileRef = FE6DCFD22C930E5B00736D71 /* பிரிவாற்றாமை.mp3 */; };
		FE6DD0572C930E5D00736D71 /* இடனறிதல்.mp3 in Resources */ = {isa = PBXBuildFile; fileRef = FE6DCFD32C930E5B00736D71 /* இடனறிதல்.mp3 */; };
		FE6DD0582C930E5D00736D71 /* நாணுத்துறவுரைத்தல்.mp3 in Resources */ = {isa = PBXBuildFile; fileRef = FE6DCFD42C930E5B00736D71 /* நாணுத்துறவுரைத்தல்.mp3 */; };
		FE6DD0592C930E5D00736D71 /* குறிப்பறிதல்.mp3 in Resources */ = {isa = PBXBuildFile; fileRef = FE6DCFD52C930E5B00736D71 /* குறிப்பறிதல்.mp3 */; };
		FE6DD05A2C930E5D00736D71 /* பகைத்திறந்தெரிதல்.mp3 in Resources */ = {isa = PBXBuildFile; fileRef = FE6DCFD62C930E5B00736D71 /* பகைத்திறந்தெரிதல்.mp3 */; };
		FE6DD05B2C930E5D00736D71 /* பெரியாரைப் பிழையாமை.mp3 in Resources */ = {isa = PBXBuildFile; fileRef = FE6DCFD72C930E5B00736D71 /* பெரியாரைப் பிழையாமை.mp3 */; };
		FE6DD05C2C930E5D00736D71 /* நலம்புனைந்துரைத்தல்.mp3 in Resources */ = {isa = PBXBuildFile; fileRef = FE6DCFD82C930E5B00736D71 /* நலம்புனைந்துரைத்தல்.mp3 */; };
		FE6DD05D2C930E5D00736D71 /* கல்வி.mp3 in Resources */ = {isa = PBXBuildFile; fileRef = FE6DCFD92C930E5B00736D71 /* கல்வி.mp3 */; };
		FE6DD05E2C930E5D00736D71 /* மடியின்மை.mp3 in Resources */ = {isa = PBXBuildFile; fileRef = FE6DCFDA2C930E5B00736D71 /* மடியின்மை.mp3 */; };
		FE6DD05F2C930E5D00736D71 /* சிற்றினஞ்சேராமை.mp3 in Resources */ = {isa = PBXBuildFile; fileRef = FE6DCFDB2C930E5B00736D71 /* சிற்றினஞ்சேராமை.mp3 */; };
		FE6DD0602C930E5D00736D71 /* கூடாவொழுக்கம்.mp3 in Resources */ = {isa = PBXBuildFile; fileRef = FE6DCFDC2C930E5B00736D71 /* கூடாவொழுக்கம்.mp3 */; };
		FE6DD0612C930E5D00736D71 /* நினைந்தவர்புலம்பல்.mp3 in Resources */ = {isa = PBXBuildFile; fileRef = FE6DCFDD2C930E5B00736D71 /* நினைந்தவர்புலம்பல்.mp3 */; };
		FE6DD0622C930E5D00736D71 /* தெரிந்துதெளிதல்.mp3 in Resources */ = {isa = PBXBuildFile; fileRef = FE6DCFDE2C930E5B00736D71 /* தெரிந்துதெளிதல்.mp3 */; };
		FE6DD0632C930E5D00736D71 /* புணர்ச்சிவிதும்பல்.mp3 in Resources */ = {isa = PBXBuildFile; fileRef = FE6DCFDF2C930E5B00736D71 /* புணர்ச்சிவிதும்பல்.mp3 */; };
		FE6DD0642C930E5D00736D71 /* பொறையுடைமை.mp3 in Resources */ = {isa = PBXBuildFile; fileRef = FE6DCFE02C930E5B00736D71 /* பொறையுடைமை.mp3 */; };
		FE6DD0652C930E5D00736D71 /* அறிவுடைமை.mp3 in Resources */ = {isa = PBXBuildFile; fileRef = FE6DCFE12C930E5B00736D71 /* அறிவுடைமை.mp3 */; };
		FE6DD0662C930E5D00736D71 /* மருந்து.mp3 in Resources */ = {isa = PBXBuildFile; fileRef = FE6DCFE22C930E5B00736D71 /* மருந்து.mp3 */; };
		FE6DD0672C930E5D00736D71 /* பெரியாரைத் துணைக்கோடல்.mp3 in Resources */ = {isa = PBXBuildFile; fileRef = FE6DCFE32C930E5B00736D71 /* பெரியாரைத் துணைக்கோடல்.mp3 */; };
		FE6DD0682C930E5D00736D71 /* இகல்.mp3 in Resources */ = {isa = PBXBuildFile; fileRef = FE6DCFE42C930E5B00736D71 /* இகல்.mp3 */; };
		FE6DD0692C930E5D00736D71 /* நாடு.mp3 in Resources */ = {isa = PBXBuildFile; fileRef = FE6DCFE52C930E5B00736D71 /* நாடு.mp3 */; };
		FE6DD06A2C930E5D00736D71 /* அவையறிதல்.mp3 in Resources */ = {isa = PBXBuildFile; fileRef = FE6DCFE62C930E5B00736D71 /* அவையறிதல்.mp3 */; };
		FE6DD06B2C930E5D00736D71 /* நடுவு நிலைமை.mp3 in Resources */ = {isa = PBXBuildFile; fileRef = FE6DCFE72C930E5B00736D71 /* நடுவு நிலைமை.mp3 */; };
		FE6DD06C2C930E5D00736D71 /* ஒப்புரவறிதல்.mp3 in Resources */ = {isa = PBXBuildFile; fileRef = FE6DCFE82C930E5B00736D71 /* ஒப்புரவறிதல்.mp3 */; };
		FE6DD06D2C930E5D00736D71 /* பயனில சொல்லாமை.mp3 in Resources */ = {isa = PBXBuildFile; fileRef = FE6DCFE92C930E5B00736D71 /* பயனில சொல்லாமை.mp3 */; };
		FE6DD06E2C930E5D00736D71 /* பொருள்செயல்வகை.mp3 in Resources */ = {isa = PBXBuildFile; fileRef = FE6DCFEA2C930E5B00736D71 /* பொருள்செயல்வகை.mp3 */; };
		FE6DD06F2C930E5D00736D71 /* மன்னரைச் சேர்ந்தொழுதல்.mp3 in Resources */ = {isa = PBXBuildFile; fileRef = FE6DCFEB2C930E5B00736D71 /* மன்னரைச் சேர்ந்தொழுதல்.mp3 */; };
		FE6DD0702C930E5D00736D71 /* இரவச்சம்.mp3 in Resources */ = {isa = PBXBuildFile; fileRef = FE6DCFEC2C930E5B00736D71 /* இரவச்சம்.mp3 */; };
		FE6DD0712C930E5D00736D71 /* மெய்யுணர்தல்.mp3 in Resources */ = {isa = PBXBuildFile; fileRef = FE6DCFED2C930E5B00736D71 /* மெய்யுணர்தல்.mp3 */; };
		FE6DD0722C930E5D00736D71 /* கடவுள் வாழ்த்து.mp3 in Resources */ = {isa = PBXBuildFile; fileRef = FE6DCFEE2C930E5B00736D71 /* கடவுள் வாழ்த்து.mp3 */; };
		FE6DD0732C930E5D00736D71 /* ஊடலுவகை.mp3 in Resources */ = {isa = PBXBuildFile; fileRef = FE6DCFEF2C930E5B00736D71 /* ஊடலுவகை.mp3 */; };
		FE6DD0742C930E5D00736D71 /* விருந்தோம்பல்.mp3 in Resources */ = {isa = PBXBuildFile; fileRef = FE6DCFF02C930E5B00736D71 /* விருந்தோம்பல்.mp3 */; };
		FE6DD0752C930E5D00736D71 /* குடிசெயல்வகை.mp3 in Resources */ = {isa = PBXBuildFile; fileRef = FE6DCFF12C930E5B00736D71 /* குடிசெயல்வகை.mp3 */; };
		FE6DD0762C930E5D00736D71 /* கள்ளுண்ணாமை.mp3 in Resources */ = {isa = PBXBuildFile; fileRef = FE6DCFF22C930E5B00736D71 /* கள்ளுண்ணாமை.mp3 */; };
		FE6DD0772C930E5D00736D71 /* புணர்ச்சிமகிழ்தல்.mp3 in Resources */ = {isa = PBXBuildFile; fileRef = FE6DCFF32C930E5B00736D71 /* புணர்ச்சிமகிழ்தல்.mp3 */; };
		FE6DD0782C930E5D00736D71 /* கொடுங்கோன்மை.mp3 in Resources */ = {isa = PBXBuildFile; fileRef = FE6DCFF42C930E5B00736D71 /* கொடுங்கோன்மை.mp3 */; };
		FE6DD0792C930E5D00736D71 /* ஊக்கமுடைமை.mp3 in Resources */ = {isa = PBXBuildFile; fileRef = FE6DCFF52C930E5B00736D71 /* ஊக்கமுடைமை.mp3 */; };
		FE6DD07A2C930E5D00736D71 /* புறங்கூறாமை.mp3 in Resources */ = {isa = PBXBuildFile; fileRef = FE6DCFF62C930E5B00736D71 /* புறங்கூறாமை.mp3 */; };
		FE6DD07B2C930E5D00736D71 /* ஒற்றாடல்.mp3 in Resources */ = {isa = PBXBuildFile; fileRef = FE6DCFF72C930E5B00736D71 /* ஒற்றாடல்.mp3 */; };
		FE6DD07C2C930E5D00736D71 /* நாணுடைமை.mp3 in Resources */ = {isa = PBXBuildFile; fileRef = FE6DCFF82C930E5B00736D71 /* நாணுடைமை.mp3 */; };
		FE6DD07D2C930E5D00736D71 /* தனிப்படர்மிகுதி.mp3 in Resources */ = {isa = PBXBuildFile; fileRef = FE6DCFF92C930E5B00736D71 /* தனிப்படர்மிகுதி.mp3 */; };
		FE6DD07E2C930E5D00736D71 /* அருளுடைமை.mp3 in Resources */ = {isa = PBXBuildFile; fileRef = FE6DCFFA2C930E5B00736D71 /* அருளுடைமை.mp3 */; };
		FE6DD07F2C930E5D00736D71 /* மக்கட்பேறு.mp3 in Resources */ = {isa = PBXBuildFile; fileRef = FE6DCFFB2C930E5B00736D71 /* மக்கட்பேறு.mp3 */; };
		FE6DD0802C930E5D00736D71 /* நெஞ்சொடுகிளத்தல்.mp3 in Resources */ = {isa = PBXBuildFile; fileRef = FE6DCFFC2C930E5B00736D71 /* நெஞ்சொடுகிளத்தல்.mp3 */; };
		FE6DD0812C930E5D00736D71 /* நெஞ்சொடுபுலத்தல்.mp3 in Resources */ = {isa = PBXBuildFile; fileRef = FE6DCFFD2C930E5B00736D71 /* நெஞ்சொடுபுலத்தல்.mp3 */; };
		FE6DD0822C930E5D00736D71 /* புல்லறிவாண்மை.mp3 in Resources */ = {isa = PBXBuildFile; fileRef = FE6DCFFE2C930E5B00736D71 /* புல்லறிவாண்மை.mp3 */; };
		FE6DD0832C930E5D00736D71 /* அறன் வலியுறுத்தல்.mp3 in Resources */ = {isa = PBXBuildFile; fileRef = FE6DCFFF2C930E5B00736D71 /* அறன் வலியுறுத்தல்.mp3 */; };
		FE6DD0842C930E5D00736D71 /* கயமை.mp3 in Resources */ = {isa = PBXBuildFile; fileRef = FE6DD0002C930E5C00736D71 /* கயமை.mp3 */; };
		FE6DD0852C930E5D00736D71 /* வரைவின்மகளிர்.mp3 in Resources */ = {isa = PBXBuildFile; fileRef = FE6DD0012C930E5C00736D71 /* வரைவின்மகளிர்.mp3 */; };
		FE6DD0862C930E5D00736D71 /* நல்குரவு.mp3 in Resources */ = {isa = PBXBuildFile; fileRef = FE6DD0022C930E5C00736D71 /* நல்குரவு.mp3 */; };
		FE6DD0872C930E5D00736D71 /* வினைசெயல்வகை.mp3 in Resources */ = {isa = PBXBuildFile; fileRef = FE6DD0032C930E5C00736D71 /* வினைசெயல்வகை.mp3 */; };
		FE6DD0882C930E5D00736D71 /* ஊழ்.mp3 in Resources */ = {isa = PBXBuildFile; fileRef = FE6DD0042C930E5C00736D71 /* ஊழ்.mp3 */; };
		FE6DD0892C930E5D00736D71 /* படர்மெலிந்திரங்கல்.mp3 in Resources */ = {isa = PBXBuildFile; fileRef = FE6DD0052C930E5C00736D71 /* படர்மெலிந்திரங்கல்.mp3 */; };
		FE6DD08A2C930E5D00736D71 /* வெருவந்தசெய்யாமை.mp3 in Resources */ = {isa = PBXBuildFile; fileRef = FE6DD0062C930E5C00736D71 /* வெருவந்தசெய்யாமை.mp3 */; };
		FE6DD08B2C930E5D00736D71 /* நிலையாமை.mp3 in Resources */ = {isa = PBXBuildFile; fileRef = FE6DD0072C930E5C00736D71 /* நிலையாமை.mp3 */; };
		FE6DD08C2C930E5D00736D71 /* படைமாட்சி.mp3 in Resources */ = {isa = PBXBuildFile; fileRef = FE6DD0082C930E5C00736D71 /* படைமாட்சி.mp3 */; };
		FE6DD08D2C930E5D00736D71 /* குற்றங்கடிதல்.mp3 in Resources */ = {isa = PBXBuildFile; fileRef = FE6DD0092C930E5C00736D71 /* குற்றங்கடிதல்.mp3 */; };
		FE6DD08E2C930E5D00736D71 /* மானம்.mp3 in Resources */ = {isa = PBXBuildFile; fileRef = FE6DD00A2C930E5C00736D71 /* மானம்.mp3 */; };
		FE6DD08F2C930E5D00736D71 /* இடுக்கணழியாமை.mp3 in Resources */ = {isa = PBXBuildFile; fileRef = FE6DD00B2C930E5C00736D71 /* இடுக்கணழியாமை.mp3 */; };
		FE6DD0902C930E5D00736D71 /* நீத்தார் பெருமை.mp3 in Resources */ = {isa = PBXBuildFile; fileRef = FE6DD00C2C930E5C00736D71 /* நீத்தார் பெருமை.mp3 */; };
		FE6DD0912C930E5D00736D71 /* காலமறிதல்.mp3 in Resources */ = {isa = PBXBuildFile; fileRef = FE6DD00D2C930E5C00736D71 /* காலமறிதல்.mp3 */; };
		FE6DD0922C930E5D00736D71 /* அவர்வயின்விதும்பல்.mp3 in Resources */ = {isa = PBXBuildFile; fileRef = FE6DD00E2C930E5C00736D71 /* அவர்வயின்விதும்பல்.mp3 */; };
		FE6DD0932C930E5D00736D71 /* கூடாநட்பு.mp3 in Resources */ = {isa = PBXBuildFile; fileRef = FE6DD00F2C930E5C00736D71 /* கூடாநட்பு.mp3 */; };
		FE6DD0942C930E5D00736D71 /* அமைச்சு.mp3 in Resources */ = {isa = PBXBuildFile; fileRef = FE6DD0102C930E5C00736D71 /* அமைச்சு.mp3 */; };
		FE6DD0952C930E5D00736D71 /* தகையணங்குறுத்தல்.mp3 in Resources */ = {isa = PBXBuildFile; fileRef = FE6DD0112C930E5C00736D71 /* தகையணங்குறுத்தல்.mp3 */; };
		FE6DD0962C930E5D00736D71 /* அடக்கமுடைமை.mp3 in Resources */ = {isa = PBXBuildFile; fileRef = FE6DD0122C930E5C00736D71 /* அடக்கமுடைமை.mp3 */; };
		FE6DD0972C930E5D00736D71 /* கல்லாமை.mp3 in Resources */ = {isa = PBXBuildFile; fileRef = FE6DD0132C930E5C00736D71 /* கல்லாமை.mp3 */; };
		FE6DD0982C930E5D00736D71 /* குறிப்பறிவுறுத்தல்.mp3 in Resources */ = {isa = PBXBuildFile; fileRef = FE6DD0142C930E5C00736D71 /* குறிப்பறிவுறுத்தல்.mp3 */; };
		FE6DD0992C930E5D00736D71 /* ஒழுக்கமுடைமை.mp3 in Resources */ = {isa = PBXBuildFile; fileRef = FE6DD0152C930E5C00736D71 /* ஒழுக்கமுடைமை.mp3 */; };
		FE6DD09A2C930E5D00736D71 /* வாழ்க்கைத் துணைநலம்.mp3 in Resources */ = {isa = PBXBuildFile; fileRef = FE6DD0162C930E5C00736D71 /* வாழ்க்கைத் துணைநலம்.mp3 */; };
		FE6DD09B2C930E5D00736D71 /* தெரிந்துசெயல்வகை.mp3 in Resources */ = {isa = PBXBuildFile; fileRef = FE6DD0172C930E5C00736D71 /* தெரிந்துசெயல்வகை.mp3 */; };
		FE6DD09C2C930E5D00736D71 /* பகைமாட்சி.mp3 in Resources */ = {isa = PBXBuildFile; fileRef = FE6DD0182C930E5C00736D71 /* பகைமாட்சி.mp3 */; };
		FE6DD09D2C930E5D00736D71 /* புலான்மறுத்தல்.mp3 in Resources */ = {isa = PBXBuildFile; fileRef = FE6DD0192C930E5C00736D71 /* புலான்மறுத்தல்.mp3 */; };
		FE6DD09E2C930E5D00736D71 /* பேதைமை.mp3 in Resources */ = {isa = PBXBuildFile; fileRef = FE6DD01A2C930E5C00736D71 /* பேதைமை.mp3 */; };
		FE6DD09F2C930E5D00736D71 /* அலரறிவுறுத்தல்.mp3 in Resources */ = {isa = PBXBuildFile; fileRef = FE6DD01B2C930E5C00736D71 /* அலரறிவுறுத்தல்.mp3 */; };
		FE6DD0A02C930E5D00736D71 /* தெரிந்துவினையாடல்.mp3 in Resources */ = {isa = PBXBuildFile; fileRef = FE6DD01C2C930E5C00736D71 /* தெரிந்துவினையாடல்.mp3 */; };
		FE6DD0A12C930E5D00736D71 /* பொழுதுகண்டிரங்கல்.mp3 in Resources */ = {isa = PBXBuildFile; fileRef = FE6DD01D2C930E5C00736D71 /* பொழுதுகண்டிரங்கல்.mp3 */; };
		FE6DD0A22C930E5D00736D71 /* சூது.mp3 in Resources */ = {isa = PBXBuildFile; fileRef = FE6DD01E2C930E5C00736D71 /* சூது.mp3 */; };
		FE6DD0A32C930E5D00736D71 /* செய்ந்நன்றி அறிதல்.mp3 in Resources */ = {isa = PBXBuildFile; fileRef = FE6DD01F2C930E5C00736D71 /* செய்ந்நன்றி அறிதல்.mp3 */; };
		FE6DD0A42C930E5D00736D71 /* அன்புடைமை.mp3 in Resources */ = {isa = PBXBuildFile; fileRef = FE6DD0202C930E5C00736D71 /* அன்புடைமை.mp3 */; };
		FE6DD0A52C930E5D00736D71 /* தீ நட்பு.mp3 in Resources */ = {isa = PBXBuildFile; fileRef = FE6DD0212C930E5C00736D71 /* தீ நட்பு.mp3 */; };
		FE6DD0A62C930E5D00736D71 /* பெண்வழிச்சேறல்.mp3 in Resources */ = {isa = PBXBuildFile; fileRef = FE6DD0222C930E5C00736D71 /* பெண்வழிச்சேறல்.mp3 */; };
		FE6DD0A72C930E5D00736D71 /* தூது.mp3 in Resources */ = {isa = PBXBuildFile; fileRef = FE6DD0232C930E5C00736D71 /* தூது.mp3 */; };
		FE6DD0A82C930E5D00736D71 /* படைச்செருக்கு.mp3 in Resources */ = {isa = PBXBuildFile; fileRef = FE6DD0242C930E5C00736D71 /* படைச்செருக்கு.mp3 */; };
		FE6DD0A92C930E5D00736D71 /* உழவு.mp3 in Resources */ = {isa = PBXBuildFile; fileRef = FE6DD0252C930E5C00736D71 /* உழவு.mp3 */; };
		FE6DD0AA2C930E5D00736D71 /* சுற்றந்தழால்.mp3 in Resources */ = {isa = PBXBuildFile; fileRef = FE6DD0262C930E5C00736D71 /* சுற்றந்தழால்.mp3 */; };
		FE6DD0AB2C930E5D00736D71 /* பண்புடைமை.mp3 in Resources */ = {isa = PBXBuildFile; fileRef = FE6DD0272C930E5C00736D71 /* பண்புடைமை.mp3 */; };
		FE6DD0AC2C930E5D00736D71 /* அவையஞ்சாமை.mp3 in Resources */ = {isa = PBXBuildFile; fileRef = FE6DD0282C930E5C00736D71 /* அவையஞ்சாமை.mp3 */; };
		FE6DD0AD2C930E5D00736D71 /* தீவினையச்சம்.mp3 in Resources */ = {isa = PBXBuildFile; fileRef = FE6DD0292C930E5C00736D71 /* தீவினையச்சம்.mp3 */; };
		FE6DD0AE2C930E5D00736D71 /* வெஃகாமை.mp3 in Resources */ = {isa = PBXBuildFile; fileRef = FE6DD02A2C930E5C00736D71 /* வெஃகாமை.mp3 */; };
		FE6DD0AF2C930E5D00736D71 /* நட்பாராய்தல்.mp3 in Resources */ = {isa = PBXBuildFile; fileRef = FE6DD02B2C930E5C00736D71 /* நட்பாராய்தல்.mp3 */; };
		FE6DD0B02C930E5D00736D71 /* அவாவறுத்தல்.mp3 in Resources */ = {isa = PBXBuildFile; fileRef = FE6DD02C2C930E5C00736D71 /* அவாவறுத்தல்.mp3 */; };
		FE6DD0B12C930E5D00736D71 /* பொச்சாவாமை.mp3 in Resources */ = {isa = PBXBuildFile; fileRef = FE6DD02D2C930E5C00736D71 /* பொச்சாவாமை.mp3 */; };
		FE6DD0B22C930E5D00736D71 /* பழைமை.mp3 in Resources */ = {isa = PBXBuildFile; fileRef = FE6DD02E2C930E5C00736D71 /* பழைமை.mp3 */; };
		FE6DD0B32C930E5D00736D71 /* குடிமை.mp3 in Resources */ = {isa = PBXBuildFile; fileRef = FE6DD02F2C930E5C00736D71 /* குடிமை.mp3 */; };
		FE6DD0B42C930E5D00736D71 /* இனியவைகூறல்.mp3 in Resources */ = {isa = PBXBuildFile; fileRef = FE6DD0302C930E5C00736D71 /* இனியவைகூறல்.mp3 */; };
		FE6DD0B52C930E5D00736D71 /* துறவு.mp3 in Resources */ = {isa = PBXBuildFile; fileRef = FE6DD0312C930E5C00736D71 /* துறவு.mp3 */; };
		FE6DD0B62C930E5D00736D71 /* வினைத்தூய்மை.mp3 in Resources */ = {isa = PBXBuildFile; fileRef = FE6DD0322C930E5C00736D71 /* வினைத்தூய்மை.mp3 */; };
		FE6DD0B72C930E5D00736D71 /* பிறனில் விழையாமை.mp3 in Resources */ = {isa = PBXBuildFile; fileRef = FE6DD0332C930E5C00736D71 /* பிறனில் விழையாமை.mp3 */; };
		FE6DD0B82C930E5D00736D71 /* செங்கோன்மை.mp3 in Resources */ = {isa = PBXBuildFile; fileRef = FE6DD0342C930E5C00736D71 /* செங்கோன்மை.mp3 */; };
		FE6DD0B92C930E5D00736D71 /* பசப்புறுபருவரல்.mp3 in Resources */ = {isa = PBXBuildFile; fileRef = FE6DD0352C930E5C00736D71 /* பசப்புறுபருவரல்.mp3 */; };
		FE6DD0BA2C930E5D00736D71 /* கொல்லாமை.mp3 in Resources */ = {isa = PBXBuildFile; fileRef = FE6DD0362C930E5C00736D71 /* கொல்லாமை.mp3 */; };
		FE6DD0BB2C930E5D00736D71 /* சான்றாண்மை.mp3 in Resources */ = {isa = PBXBuildFile; fileRef = FE6DD0372C930E5C00736D71 /* சான்றாண்மை.mp3 */; };
		FE6DD0BC2C930E5D00736D71 /* உறுப்புநலனழிதல்.mp3 in Resources */ = {isa = PBXBuildFile; fileRef = FE6DD0382C930E5C00736D71 /* உறுப்புநலனழிதல்.mp3 */; };
		FE6DD0BD2C930E5D00736D71 /* கண்ணோட்டம்.mp3 in Resources */ = {isa = PBXBuildFile; fileRef = FE6DD0392C930E5C00736D71 /* கண்ணோட்டம்.mp3 */; };
		FE6DD0BE2C930E5D00736D71 /* சொல்வன்மை.mp3 in Resources */ = {isa = PBXBuildFile; fileRef = FE6DD03A2C930E5C00736D71 /* சொல்வன்மை.mp3 */; };
		FE6DD0BF2C930E5D00736D71 /* உட்பகை.mp3 in Resources */ = {isa = PBXBuildFile; fileRef = FE6DD03B2C930E5C00736D71 /* உட்பகை.mp3 */; };
		FE6DD0C02C930E5D00736D71 /* காதற்சிறப்புரைத்தல்.mp3 in Resources */ = {isa = PBXBuildFile; fileRef = FE6DD03C2C930E5C00736D71 /* காதற்சிறப்புரைத்தல்.mp3 */; };
		FE6DD0C12C930E5D00736D71 /* கள்ளாமை.mp3 in Resources */ = {isa = PBXBuildFile; fileRef = FE6DD03D2C930E5C00736D71 /* கள்ளாமை.mp3 */; };
		FE6DD0C22C930E5D00736D71 /* கனவுநிலையுரைத்தல்.mp3 in Resources */ = {isa = PBXBuildFile; fileRef = FE6DD03E2C930E5C00736D71 /* கனவுநிலையுரைத்தல்.mp3 */; };
		FE6DD0C32C930E5D00736D71 /* இறைமாட்சி.mp3 in Resources */ = {isa = PBXBuildFile; fileRef = FE6DD03F2C930E5C00736D71 /* இறைமாட்சி.mp3 */; };
		FE6DD0C42C930E5D00736D71 /* ஈகை.mp3 in Resources */ = {isa = PBXBuildFile; fileRef = FE6DD0402C930E5C00736D71 /* ஈகை.mp3 */; };
		FE6DD0C52C930E5D00736D71 /* இரவு.mp3 in Resources */ = {isa = PBXBuildFile; fileRef = FE6DD0412C930E5C00736D71 /* இரவு.mp3 */; };
		FE6DD0C62C930E5D00736D71 /* கண்விதுப்பழிதல்.mp3 in Resources */ = {isa = PBXBuildFile; fileRef = FE6DD0422C930E5C00736D71 /* கண்விதுப்பழிதல்.mp3 */; };
		FE6DD0C72C930E5D00736D71 /* வாய்மை.mp3 in Resources */ = {isa = PBXBuildFile; fileRef = FE6DD0432C930E5C00736D71 /* வாய்மை.mp3 */; };
		FE6DD0C82C930E5D00736D71 /* பெருமை.mp3 in Resources */ = {isa = PBXBuildFile; fileRef = FE6DD0442C930E5C00736D71 /* பெருமை.mp3 */; };
		FE6DD0C92C930E5D00736D71 /* நிறையழிதல்.mp3 in Resources */ = {isa = PBXBuildFile; fileRef = FE6DD0452C930E5C00736D71 /* நிறையழிதல்.mp3 */; };
		FE6DD0CA2C930E5D00736D71 /* வான்சிறப்பு.mp3 in Resources */ = {isa = PBXBuildFile; fileRef = FE6DD0462C930E5C00736D71 /* வான்சிறப்பு.mp3 */; };
		FE6DD0CB2C930E5D00736D71 /* தவம்.mp3 in Resources */ = {isa = PBXBuildFile; fileRef = FE6DD0472C930E5C00736D71 /* தவம்.mp3 */; };
		FE6DD0CC2C930E5D00736D71 /* நட்பு.mp3 in Resources */ = {isa = PBXBuildFile; fileRef = FE6DD0482C930E5C00736D71 /* நட்பு.mp3 */; };
		FE6DD0CD2C930E5D00736D71 /* வினைத்திட்பம்.mp3 in Resources */ = {isa = PBXBuildFile; fileRef = FE6DD0492C930E5C00736D71 /* வினைத்திட்பம்.mp3 */; };
		FE6DD0CE2C930E5D00736D71 /* வெகுளாமை.mp3 in Resources */ = {isa = PBXBuildFile; fileRef = FE6DD04A2C930E5C00736D71 /* வெகுளாமை.mp3 */; };
		FE6DD0CF2C930E5D00736D71 /* கேள்வி.mp3 in Resources */ = {isa = PBXBuildFile; fileRef = FE6DD04B2C930E5C00736D71 /* கேள்வி.mp3 */; };
		FE6DD0D02C930E5D00736D71 /* அழுக்காறாமை.mp3 in Resources */ = {isa = PBXBuildFile; fileRef = FE6DD04C2C930E5C00736D71 /* அழுக்காறாமை.mp3 */; };
		FE6DD0D12C930E5D00736D71 /* புகழ்.mp3 in Resources */ = {isa = PBXBuildFile; fileRef = FE6DD04D2C930E5C00736D71 /* புகழ்.mp3 */; };
		FE6DD0D22C930E5D00736D71 /* இன்னாசெய்யாமை.mp3 in Resources */ = {isa = PBXBuildFile; fileRef = FE6DD04E2C930E5C00736D71 /* இன்னாசெய்யாமை.mp3 */; };
		FE6DD0D32C930E5D00736D71 /* ஆள்வினையுடைமை.mp3 in Resources */ = {isa = PBXBuildFile; fileRef = FE6DD04F2C930E5D00736D71 /* ஆள்வினையுடைமை.mp3 */; };
		FE6DD0D42C930E5D00736D71 /* புலவி நுணுக்கம்.mp3 in Resources */ = {isa = PBXBuildFile; fileRef = FE6DD0502C930E5D00736D71 /* புலவி நுணுக்கம்.mp3 */; };
		FE6DD0D52C930E5D00736D71 /* நன்றியில்செல்வம்.mp3 in Resources */ = {isa = PBXBuildFile; fileRef = FE6DD0512C930E5D00736D71 /* நன்றியில்செல்வம்.mp3 */; };
		FEC911FD2C956E7C00E6AE94 /* AppState.swift in Sources */ = {isa = PBXBuildFile; fileRef = FEC911FC2C956E7C00E6AE94 /* AppState.swift */; };
		FEC912002C95719400E6AE94 /* AppDelegate.swift in Sources */ = {isa = PBXBuildFile; fileRef = FEC911FE2C95719400E6AE94 /* AppDelegate.swift */; };
		FEC912012C95719400E6AE94 /* NotificationManager.swift in Sources */ = {isa = PBXBuildFile; fileRef = FEC911FF2C95719400E6AE94 /* NotificationManager.swift */; };
		FECB70042C92F33E00989E70 /* Preview Assets.xcassets in Resources */ = {isa = PBXBuildFile; fileRef = FECB6F762C92F33E00989E70 /* Preview Assets.xcassets */; };
		FECB708A2C92F33E00989E70 /* Assets.xcassets in Resources */ = {isa = PBXBuildFile; fileRef = FECB6FFE2C92F33E00989E70 /* Assets.xcassets */; };
		FECB708B2C92F33E00989E70 /* ContentView.swift in Sources */ = {isa = PBXBuildFile; fileRef = FECB6FFF2C92F33E00989E70 /* ContentView.swift */; };
		FECB708C2C92F33E00989E70 /* data.sqlite in Resources */ = {isa = PBXBuildFile; fileRef = FECB70002C92F33E00989E70 /* data.sqlite */; };
		FECB708D2C92F33E00989E70 /* DatabaseManager.swift in Sources */ = {isa = PBXBuildFile; fileRef = FECB70012C92F33E00989E70 /* DatabaseManager.swift */; };
		FECB708E2C92F33E00989E70 /* valluvanApp.swift in Sources */ = {isa = PBXBuildFile; fileRef = FECB70022C92F33E00989E70 /* valluvanApp.swift */; };
/* End PBXBuildFile section */

/* Begin PBXFileReference section */
		FE1B2D832C92C133006DBC55 /* Valluvan.app */ = {isa = PBXFileReference; explicitFileType = wrapper.application; includeInIndex = 0; path = Valluvan.app; sourceTree = BUILT_PRODUCTS_DIR; };
		FE42A35B2C959D5300C30205 /* Launch Screen.storyboard */ = {isa = PBXFileReference; lastKnownFileType = file.storyboard; path = "Launch Screen.storyboard"; sourceTree = "<group>"; };
		FE6DCFCE2C930E5B00736D71 /* அரண்.mp3 */ = {isa = PBXFileReference; lastKnownFileType = audio.mp3; path = "அரண்.mp3"; sourceTree = "<group>"; };
		FE6DCFCF2C930E5B00736D71 /* இல்வாழ்க்கை.mp3 */ = {isa = PBXFileReference; lastKnownFileType = audio.mp3; path = "இல்வாழ்க்கை.mp3"; sourceTree = "<group>"; };
		FE6DCFD02C930E5B00736D71 /* வலியறிதல்.mp3 */ = {isa = PBXFileReference; lastKnownFileType = audio.mp3; path = "வலியறிதல்.mp3"; sourceTree = "<group>"; };
		FE6DCFD12C930E5B00736D71 /* புலவி.mp3 */ = {isa = PBXFileReference; lastKnownFileType = audio.mp3; path = "புலவி.mp3"; sourceTree = "<group>"; };
		FE6DCFD22C930E5B00736D71 /* பிரிவாற்றாமை.mp3 */ = {isa = PBXFileReference; lastKnownFileType = audio.mp3; path = "பிரிவாற்றாமை.mp3"; sourceTree = "<group>"; };
		FE6DCFD32C930E5B00736D71 /* இடனறிதல்.mp3 */ = {isa = PBXFileReference; lastKnownFileType = audio.mp3; path = "இடனறிதல்.mp3"; sourceTree = "<group>"; };
		FE6DCFD42C930E5B00736D71 /* நாணுத்துறவுரைத்தல்.mp3 */ = {isa = PBXFileReference; lastKnownFileType = audio.mp3; path = "நாணுத்துறவுரைத்தல்.mp3"; sourceTree = "<group>"; };
		FE6DCFD52C930E5B00736D71 /* குறிப்பறிதல்.mp3 */ = {isa = PBXFileReference; lastKnownFileType = audio.mp3; path = "குறிப்பறிதல்.mp3"; sourceTree = "<group>"; };
		FE6DCFD62C930E5B00736D71 /* பகைத்திறந்தெரிதல்.mp3 */ = {isa = PBXFileReference; lastKnownFileType = audio.mp3; path = "பகைத்திறந்தெரிதல்.mp3"; sourceTree = "<group>"; };
		FE6DCFD72C930E5B00736D71 /* பெரியாரைப் பிழையாமை.mp3 */ = {isa = PBXFileReference; lastKnownFileType = audio.mp3; path = "பெரியாரைப் பிழையாமை.mp3"; sourceTree = "<group>"; };
		FE6DCFD82C930E5B00736D71 /* நலம்புனைந்துரைத்தல்.mp3 */ = {isa = PBXFileReference; lastKnownFileType = audio.mp3; path = "நலம்புனைந்துரைத்தல்.mp3"; sourceTree = "<group>"; };
		FE6DCFD92C930E5B00736D71 /* கல்வி.mp3 */ = {isa = PBXFileReference; lastKnownFileType = audio.mp3; path = "கல்வி.mp3"; sourceTree = "<group>"; };
		FE6DCFDA2C930E5B00736D71 /* மடியின்மை.mp3 */ = {isa = PBXFileReference; lastKnownFileType = audio.mp3; path = "மடியின்மை.mp3"; sourceTree = "<group>"; };
		FE6DCFDB2C930E5B00736D71 /* சிற்றினஞ்சேராமை.mp3 */ = {isa = PBXFileReference; lastKnownFileType = audio.mp3; path = "சிற்றினஞ்சேராமை.mp3"; sourceTree = "<group>"; };
		FE6DCFDC2C930E5B00736D71 /* கூடாவொழுக்கம்.mp3 */ = {isa = PBXFileReference; lastKnownFileType = audio.mp3; path = "கூடாவொழுக்கம்.mp3"; sourceTree = "<group>"; };
		FE6DCFDD2C930E5B00736D71 /* நினைந்தவர்புலம்பல்.mp3 */ = {isa = PBXFileReference; lastKnownFileType = audio.mp3; path = "நினைந்தவர்புலம்பல்.mp3"; sourceTree = "<group>"; };
		FE6DCFDE2C930E5B00736D71 /* தெரிந்துதெளிதல்.mp3 */ = {isa = PBXFileReference; lastKnownFileType = audio.mp3; path = "தெரிந்துதெளிதல்.mp3"; sourceTree = "<group>"; };
		FE6DCFDF2C930E5B00736D71 /* புணர்ச்சிவிதும்பல்.mp3 */ = {isa = PBXFileReference; lastKnownFileType = audio.mp3; path = "புணர்ச்சிவிதும்பல்.mp3"; sourceTree = "<group>"; };
		FE6DCFE02C930E5B00736D71 /* பொறையுடைமை.mp3 */ = {isa = PBXFileReference; lastKnownFileType = audio.mp3; path = "பொறையுடைமை.mp3"; sourceTree = "<group>"; };
		FE6DCFE12C930E5B00736D71 /* அறிவுடைமை.mp3 */ = {isa = PBXFileReference; lastKnownFileType = audio.mp3; path = "அறிவுடைமை.mp3"; sourceTree = "<group>"; };
		FE6DCFE22C930E5B00736D71 /* மருந்து.mp3 */ = {isa = PBXFileReference; lastKnownFileType = audio.mp3; path = "மருந்து.mp3"; sourceTree = "<group>"; };
		FE6DCFE32C930E5B00736D71 /* பெரியாரைத் துணைக்கோடல்.mp3 */ = {isa = PBXFileReference; lastKnownFileType = audio.mp3; path = "பெரியாரைத் துணைக்கோடல்.mp3"; sourceTree = "<group>"; };
		FE6DCFE42C930E5B00736D71 /* இகல்.mp3 */ = {isa = PBXFileReference; lastKnownFileType = audio.mp3; path = "இகல்.mp3"; sourceTree = "<group>"; };
		FE6DCFE52C930E5B00736D71 /* நாடு.mp3 */ = {isa = PBXFileReference; lastKnownFileType = audio.mp3; path = "நாடு.mp3"; sourceTree = "<group>"; };
		FE6DCFE62C930E5B00736D71 /* அவையறிதல்.mp3 */ = {isa = PBXFileReference; lastKnownFileType = audio.mp3; path = "அவையறிதல்.mp3"; sourceTree = "<group>"; };
		FE6DCFE72C930E5B00736D71 /* நடுவு நிலைமை.mp3 */ = {isa = PBXFileReference; lastKnownFileType = audio.mp3; path = "நடுவு நிலைமை.mp3"; sourceTree = "<group>"; };
		FE6DCFE82C930E5B00736D71 /* ஒப்புரவறிதல்.mp3 */ = {isa = PBXFileReference; lastKnownFileType = audio.mp3; path = "ஒப்புரவறிதல்.mp3"; sourceTree = "<group>"; };
		FE6DCFE92C930E5B00736D71 /* பயனில சொல்லாமை.mp3 */ = {isa = PBXFileReference; lastKnownFileType = audio.mp3; path = "பயனில சொல்லாமை.mp3"; sourceTree = "<group>"; };
		FE6DCFEA2C930E5B00736D71 /* பொருள்செயல்வகை.mp3 */ = {isa = PBXFileReference; lastKnownFileType = audio.mp3; path = "பொருள்செயல்வகை.mp3"; sourceTree = "<group>"; };
		FE6DCFEB2C930E5B00736D71 /* மன்னரைச் சேர்ந்தொழுதல்.mp3 */ = {isa = PBXFileReference; lastKnownFileType = audio.mp3; path = "மன்னரைச் சேர்ந்தொழுதல்.mp3"; sourceTree = "<group>"; };
		FE6DCFEC2C930E5B00736D71 /* இரவச்சம்.mp3 */ = {isa = PBXFileReference; lastKnownFileType = audio.mp3; path = "இரவச்சம்.mp3"; sourceTree = "<group>"; };
		FE6DCFED2C930E5B00736D71 /* மெய்யுணர்தல்.mp3 */ = {isa = PBXFileReference; lastKnownFileType = audio.mp3; path = "மெய்யுணர்தல்.mp3"; sourceTree = "<group>"; };
		FE6DCFEE2C930E5B00736D71 /* கடவுள் வாழ்த்து.mp3 */ = {isa = PBXFileReference; lastKnownFileType = audio.mp3; path = "கடவுள் வாழ்த்து.mp3"; sourceTree = "<group>"; };
		FE6DCFEF2C930E5B00736D71 /* ஊடலுவகை.mp3 */ = {isa = PBXFileReference; lastKnownFileType = audio.mp3; path = "ஊடலுவகை.mp3"; sourceTree = "<group>"; };
		FE6DCFF02C930E5B00736D71 /* விருந்தோம்பல்.mp3 */ = {isa = PBXFileReference; lastKnownFileType = audio.mp3; path = "விருந்தோம்பல்.mp3"; sourceTree = "<group>"; };
		FE6DCFF12C930E5B00736D71 /* குடிசெயல்வகை.mp3 */ = {isa = PBXFileReference; lastKnownFileType = audio.mp3; path = "குடிசெயல்வகை.mp3"; sourceTree = "<group>"; };
		FE6DCFF22C930E5B00736D71 /* கள்ளுண்ணாமை.mp3 */ = {isa = PBXFileReference; lastKnownFileType = audio.mp3; path = "கள்ளுண்ணாமை.mp3"; sourceTree = "<group>"; };
		FE6DCFF32C930E5B00736D71 /* புணர்ச்சிமகிழ்தல்.mp3 */ = {isa = PBXFileReference; lastKnownFileType = audio.mp3; path = "புணர்ச்சிமகிழ்தல்.mp3"; sourceTree = "<group>"; };
		FE6DCFF42C930E5B00736D71 /* கொடுங்கோன்மை.mp3 */ = {isa = PBXFileReference; lastKnownFileType = audio.mp3; path = "கொடுங்கோன்மை.mp3"; sourceTree = "<group>"; };
		FE6DCFF52C930E5B00736D71 /* ஊக்கமுடைமை.mp3 */ = {isa = PBXFileReference; lastKnownFileType = audio.mp3; path = "ஊக்கமுடைமை.mp3"; sourceTree = "<group>"; };
		FE6DCFF62C930E5B00736D71 /* புறங்கூறாமை.mp3 */ = {isa = PBXFileReference; lastKnownFileType = audio.mp3; path = "புறங்கூறாமை.mp3"; sourceTree = "<group>"; };
		FE6DCFF72C930E5B00736D71 /* ஒற்றாடல்.mp3 */ = {isa = PBXFileReference; lastKnownFileType = audio.mp3; path = "ஒற்றாடல்.mp3"; sourceTree = "<group>"; };
		FE6DCFF82C930E5B00736D71 /* நாணுடைமை.mp3 */ = {isa = PBXFileReference; lastKnownFileType = audio.mp3; path = "நாணுடைமை.mp3"; sourceTree = "<group>"; };
		FE6DCFF92C930E5B00736D71 /* தனிப்படர்மிகுதி.mp3 */ = {isa = PBXFileReference; lastKnownFileType = audio.mp3; path = "தனிப்படர்மிகுதி.mp3"; sourceTree = "<group>"; };
		FE6DCFFA2C930E5B00736D71 /* அருளுடைமை.mp3 */ = {isa = PBXFileReference; lastKnownFileType = audio.mp3; path = "அருளுடைமை.mp3"; sourceTree = "<group>"; };
		FE6DCFFB2C930E5B00736D71 /* மக்கட்பேறு.mp3 */ = {isa = PBXFileReference; lastKnownFileType = audio.mp3; path = "மக்கட்பேறு.mp3"; sourceTree = "<group>"; };
		FE6DCFFC2C930E5B00736D71 /* நெஞ்சொடுகிளத்தல்.mp3 */ = {isa = PBXFileReference; lastKnownFileType = audio.mp3; path = "நெஞ்சொடுகிளத்தல்.mp3"; sourceTree = "<group>"; };
		FE6DCFFD2C930E5B00736D71 /* நெஞ்சொடுபுலத்தல்.mp3 */ = {isa = PBXFileReference; lastKnownFileType = audio.mp3; path = "நெஞ்சொடுபுலத்தல்.mp3"; sourceTree = "<group>"; };
		FE6DCFFE2C930E5B00736D71 /* புல்லறிவாண்மை.mp3 */ = {isa = PBXFileReference; lastKnownFileType = audio.mp3; path = "புல்லறிவாண்மை.mp3"; sourceTree = "<group>"; };
		FE6DCFFF2C930E5B00736D71 /* அறன் வலியுறுத்தல்.mp3 */ = {isa = PBXFileReference; lastKnownFileType = audio.mp3; path = "அறன் வலியுறுத்தல்.mp3"; sourceTree = "<group>"; };
		FE6DD0002C930E5C00736D71 /* கயமை.mp3 */ = {isa = PBXFileReference; lastKnownFileType = audio.mp3; path = "கயமை.mp3"; sourceTree = "<group>"; };
		FE6DD0012C930E5C00736D71 /* வரைவின்மகளிர்.mp3 */ = {isa = PBXFileReference; lastKnownFileType = audio.mp3; path = "வரைவின்மகளிர்.mp3"; sourceTree = "<group>"; };
		FE6DD0022C930E5C00736D71 /* நல்குரவு.mp3 */ = {isa = PBXFileReference; lastKnownFileType = audio.mp3; path = "நல்குரவு.mp3"; sourceTree = "<group>"; };
		FE6DD0032C930E5C00736D71 /* வினைசெயல்வகை.mp3 */ = {isa = PBXFileReference; lastKnownFileType = audio.mp3; path = "வினைசெயல்வகை.mp3"; sourceTree = "<group>"; };
		FE6DD0042C930E5C00736D71 /* ஊழ்.mp3 */ = {isa = PBXFileReference; lastKnownFileType = audio.mp3; path = "ஊழ்.mp3"; sourceTree = "<group>"; };
		FE6DD0052C930E5C00736D71 /* படர்மெலிந்திரங்கல்.mp3 */ = {isa = PBXFileReference; lastKnownFileType = audio.mp3; path = "படர்மெலிந்திரங்கல்.mp3"; sourceTree = "<group>"; };
		FE6DD0062C930E5C00736D71 /* வெருவந்தசெய்யாமை.mp3 */ = {isa = PBXFileReference; lastKnownFileType = audio.mp3; path = "வெருவந்தசெய்யாமை.mp3"; sourceTree = "<group>"; };
		FE6DD0072C930E5C00736D71 /* நிலையாமை.mp3 */ = {isa = PBXFileReference; lastKnownFileType = audio.mp3; path = "நிலையாமை.mp3"; sourceTree = "<group>"; };
		FE6DD0082C930E5C00736D71 /* படைமாட்சி.mp3 */ = {isa = PBXFileReference; lastKnownFileType = audio.mp3; path = "படைமாட்சி.mp3"; sourceTree = "<group>"; };
		FE6DD0092C930E5C00736D71 /* குற்றங்கடிதல்.mp3 */ = {isa = PBXFileReference; lastKnownFileType = audio.mp3; path = "குற்றங்கடிதல்.mp3"; sourceTree = "<group>"; };
		FE6DD00A2C930E5C00736D71 /* மானம்.mp3 */ = {isa = PBXFileReference; lastKnownFileType = audio.mp3; path = "மானம்.mp3"; sourceTree = "<group>"; };
		FE6DD00B2C930E5C00736D71 /* இடுக்கணழியாமை.mp3 */ = {isa = PBXFileReference; lastKnownFileType = audio.mp3; path = "இடுக்கணழியாமை.mp3"; sourceTree = "<group>"; };
		FE6DD00C2C930E5C00736D71 /* நீத்தார் பெருமை.mp3 */ = {isa = PBXFileReference; lastKnownFileType = audio.mp3; path = "நீத்தார் பெருமை.mp3"; sourceTree = "<group>"; };
		FE6DD00D2C930E5C00736D71 /* காலமறிதல்.mp3 */ = {isa = PBXFileReference; lastKnownFileType = audio.mp3; path = "காலமறிதல்.mp3"; sourceTree = "<group>"; };
		FE6DD00E2C930E5C00736D71 /* அவர்வயின்விதும்பல்.mp3 */ = {isa = PBXFileReference; lastKnownFileType = audio.mp3; path = "அவர்வயின்விதும்பல்.mp3"; sourceTree = "<group>"; };
		FE6DD00F2C930E5C00736D71 /* கூடாநட்பு.mp3 */ = {isa = PBXFileReference; lastKnownFileType = audio.mp3; path = "கூடாநட்பு.mp3"; sourceTree = "<group>"; };
		FE6DD0102C930E5C00736D71 /* அமைச்சு.mp3 */ = {isa = PBXFileReference; lastKnownFileType = audio.mp3; path = "அமைச்சு.mp3"; sourceTree = "<group>"; };
		FE6DD0112C930E5C00736D71 /* தகையணங்குறுத்தல்.mp3 */ = {isa = PBXFileReference; lastKnownFileType = audio.mp3; path = "தகையணங்குறுத்தல்.mp3"; sourceTree = "<group>"; };
		FE6DD0122C930E5C00736D71 /* அடக்கமுடைமை.mp3 */ = {isa = PBXFileReference; lastKnownFileType = audio.mp3; path = "அடக்கமுடைமை.mp3"; sourceTree = "<group>"; };
		FE6DD0132C930E5C00736D71 /* கல்லாமை.mp3 */ = {isa = PBXFileReference; lastKnownFileType = audio.mp3; path = "கல்லாமை.mp3"; sourceTree = "<group>"; };
		FE6DD0142C930E5C00736D71 /* குறிப்பறிவுறுத்தல்.mp3 */ = {isa = PBXFileReference; lastKnownFileType = audio.mp3; path = "குறிப்பறிவுறுத்தல்.mp3"; sourceTree = "<group>"; };
		FE6DD0152C930E5C00736D71 /* ஒழுக்கமுடைமை.mp3 */ = {isa = PBXFileReference; lastKnownFileType = audio.mp3; path = "ஒழுக்கமுடைமை.mp3"; sourceTree = "<group>"; };
		FE6DD0162C930E5C00736D71 /* வாழ்க்கைத் துணைநலம்.mp3 */ = {isa = PBXFileReference; lastKnownFileType = audio.mp3; path = "வாழ்க்கைத் துணைநலம்.mp3"; sourceTree = "<group>"; };
		FE6DD0172C930E5C00736D71 /* தெரிந்துசெயல்வகை.mp3 */ = {isa = PBXFileReference; lastKnownFileType = audio.mp3; path = "தெரிந்துசெயல்வகை.mp3"; sourceTree = "<group>"; };
		FE6DD0182C930E5C00736D71 /* பகைமாட்சி.mp3 */ = {isa = PBXFileReference; lastKnownFileType = audio.mp3; path = "பகைமாட்சி.mp3"; sourceTree = "<group>"; };
		FE6DD0192C930E5C00736D71 /* புலான்மறுத்தல்.mp3 */ = {isa = PBXFileReference; lastKnownFileType = audio.mp3; path = "புலான்மறுத்தல்.mp3"; sourceTree = "<group>"; };
		FE6DD01A2C930E5C00736D71 /* பேதைமை.mp3 */ = {isa = PBXFileReference; lastKnownFileType = audio.mp3; path = "பேதைமை.mp3"; sourceTree = "<group>"; };
		FE6DD01B2C930E5C00736D71 /* அலரறிவுறுத்தல்.mp3 */ = {isa = PBXFileReference; lastKnownFileType = audio.mp3; path = "அலரறிவுறுத்தல்.mp3"; sourceTree = "<group>"; };
		FE6DD01C2C930E5C00736D71 /* தெரிந்துவினையாடல்.mp3 */ = {isa = PBXFileReference; lastKnownFileType = audio.mp3; path = "தெரிந்துவினையாடல்.mp3"; sourceTree = "<group>"; };
		FE6DD01D2C930E5C00736D71 /* பொழுதுகண்டிரங்கல்.mp3 */ = {isa = PBXFileReference; lastKnownFileType = audio.mp3; path = "பொழுதுகண்டிரங்கல்.mp3"; sourceTree = "<group>"; };
		FE6DD01E2C930E5C00736D71 /* சூது.mp3 */ = {isa = PBXFileReference; lastKnownFileType = audio.mp3; path = "சூது.mp3"; sourceTree = "<group>"; };
		FE6DD01F2C930E5C00736D71 /* செய்ந்நன்றி அறிதல்.mp3 */ = {isa = PBXFileReference; lastKnownFileType = audio.mp3; path = "செய்ந்நன்றி அறிதல்.mp3"; sourceTree = "<group>"; };
		FE6DD0202C930E5C00736D71 /* அன்புடைமை.mp3 */ = {isa = PBXFileReference; lastKnownFileType = audio.mp3; path = "அன்புடைமை.mp3"; sourceTree = "<group>"; };
		FE6DD0212C930E5C00736D71 /* தீ நட்பு.mp3 */ = {isa = PBXFileReference; lastKnownFileType = audio.mp3; path = "தீ நட்பு.mp3"; sourceTree = "<group>"; };
		FE6DD0222C930E5C00736D71 /* பெண்வழிச்சேறல்.mp3 */ = {isa = PBXFileReference; lastKnownFileType = audio.mp3; path = "பெண்வழிச்சேறல்.mp3"; sourceTree = "<group>"; };
		FE6DD0232C930E5C00736D71 /* தூது.mp3 */ = {isa = PBXFileReference; lastKnownFileType = audio.mp3; path = "தூது.mp3"; sourceTree = "<group>"; };
		FE6DD0242C930E5C00736D71 /* படைச்செருக்கு.mp3 */ = {isa = PBXFileReference; lastKnownFileType = audio.mp3; path = "படைச்செருக்கு.mp3"; sourceTree = "<group>"; };
		FE6DD0252C930E5C00736D71 /* உழவு.mp3 */ = {isa = PBXFileReference; lastKnownFileType = audio.mp3; path = "உழவு.mp3"; sourceTree = "<group>"; };
		FE6DD0262C930E5C00736D71 /* சுற்றந்தழால்.mp3 */ = {isa = PBXFileReference; lastKnownFileType = audio.mp3; path = "சுற்றந்தழால்.mp3"; sourceTree = "<group>"; };
		FE6DD0272C930E5C00736D71 /* பண்புடைமை.mp3 */ = {isa = PBXFileReference; lastKnownFileType = audio.mp3; path = "பண்புடைமை.mp3"; sourceTree = "<group>"; };
		FE6DD0282C930E5C00736D71 /* அவையஞ்சாமை.mp3 */ = {isa = PBXFileReference; lastKnownFileType = audio.mp3; path = "அவையஞ்சாமை.mp3"; sourceTree = "<group>"; };
		FE6DD0292C930E5C00736D71 /* தீவினையச்சம்.mp3 */ = {isa = PBXFileReference; lastKnownFileType = audio.mp3; path = "தீவினையச்சம்.mp3"; sourceTree = "<group>"; };
		FE6DD02A2C930E5C00736D71 /* வெஃகாமை.mp3 */ = {isa = PBXFileReference; lastKnownFileType = audio.mp3; path = "வெஃகாமை.mp3"; sourceTree = "<group>"; };
		FE6DD02B2C930E5C00736D71 /* நட்பாராய்தல்.mp3 */ = {isa = PBXFileReference; lastKnownFileType = audio.mp3; path = "நட்பாராய்தல்.mp3"; sourceTree = "<group>"; };
		FE6DD02C2C930E5C00736D71 /* அவாவறுத்தல்.mp3 */ = {isa = PBXFileReference; lastKnownFileType = audio.mp3; path = "அவாவறுத்தல்.mp3"; sourceTree = "<group>"; };
		FE6DD02D2C930E5C00736D71 /* பொச்சாவாமை.mp3 */ = {isa = PBXFileReference; lastKnownFileType = audio.mp3; path = "பொச்சாவாமை.mp3"; sourceTree = "<group>"; };
		FE6DD02E2C930E5C00736D71 /* பழைமை.mp3 */ = {isa = PBXFileReference; lastKnownFileType = audio.mp3; path = "பழைமை.mp3"; sourceTree = "<group>"; };
		FE6DD02F2C930E5C00736D71 /* குடிமை.mp3 */ = {isa = PBXFileReference; lastKnownFileType = audio.mp3; path = "குடிமை.mp3"; sourceTree = "<group>"; };
		FE6DD0302C930E5C00736D71 /* இனியவைகூறல்.mp3 */ = {isa = PBXFileReference; lastKnownFileType = audio.mp3; path = "இனியவைகூறல்.mp3"; sourceTree = "<group>"; };
		FE6DD0312C930E5C00736D71 /* துறவு.mp3 */ = {isa = PBXFileReference; lastKnownFileType = audio.mp3; path = "துறவு.mp3"; sourceTree = "<group>"; };
		FE6DD0322C930E5C00736D71 /* வினைத்தூய்மை.mp3 */ = {isa = PBXFileReference; lastKnownFileType = audio.mp3; path = "வினைத்தூய்மை.mp3"; sourceTree = "<group>"; };
		FE6DD0332C930E5C00736D71 /* பிறனில் விழையாமை.mp3 */ = {isa = PBXFileReference; lastKnownFileType = audio.mp3; path = "பிறனில் விழையாமை.mp3"; sourceTree = "<group>"; };
		FE6DD0342C930E5C00736D71 /* செங்கோன்மை.mp3 */ = {isa = PBXFileReference; lastKnownFileType = audio.mp3; path = "செங்கோன்மை.mp3"; sourceTree = "<group>"; };
		FE6DD0352C930E5C00736D71 /* பசப்புறுபருவரல்.mp3 */ = {isa = PBXFileReference; lastKnownFileType = audio.mp3; path = "பசப்புறுபருவரல்.mp3"; sourceTree = "<group>"; };
		FE6DD0362C930E5C00736D71 /* கொல்லாமை.mp3 */ = {isa = PBXFileReference; lastKnownFileType = audio.mp3; path = "கொல்லாமை.mp3"; sourceTree = "<group>"; };
		FE6DD0372C930E5C00736D71 /* சான்றாண்மை.mp3 */ = {isa = PBXFileReference; lastKnownFileType = audio.mp3; path = "சான்றாண்மை.mp3"; sourceTree = "<group>"; };
		FE6DD0382C930E5C00736D71 /* உறுப்புநலனழிதல்.mp3 */ = {isa = PBXFileReference; lastKnownFileType = audio.mp3; path = "உறுப்புநலனழிதல்.mp3"; sourceTree = "<group>"; };
		FE6DD0392C930E5C00736D71 /* கண்ணோட்டம்.mp3 */ = {isa = PBXFileReference; lastKnownFileType = audio.mp3; path = "கண்ணோட்டம்.mp3"; sourceTree = "<group>"; };
		FE6DD03A2C930E5C00736D71 /* சொல்வன்மை.mp3 */ = {isa = PBXFileReference; lastKnownFileType = audio.mp3; path = "சொல்வன்மை.mp3"; sourceTree = "<group>"; };
		FE6DD03B2C930E5C00736D71 /* உட்பகை.mp3 */ = {isa = PBXFileReference; lastKnownFileType = audio.mp3; path = "உட்பகை.mp3"; sourceTree = "<group>"; };
		FE6DD03C2C930E5C00736D71 /* காதற்சிறப்புரைத்தல்.mp3 */ = {isa = PBXFileReference; lastKnownFileType = audio.mp3; path = "காதற்சிறப்புரைத்தல்.mp3"; sourceTree = "<group>"; };
		FE6DD03D2C930E5C00736D71 /* கள்ளாமை.mp3 */ = {isa = PBXFileReference; lastKnownFileType = audio.mp3; path = "கள்ளாமை.mp3"; sourceTree = "<group>"; };
		FE6DD03E2C930E5C00736D71 /* கனவுநிலையுரைத்தல்.mp3 */ = {isa = PBXFileReference; lastKnownFileType = audio.mp3; path = "கனவுநிலையுரைத்தல்.mp3"; sourceTree = "<group>"; };
		FE6DD03F2C930E5C00736D71 /* இறைமாட்சி.mp3 */ = {isa = PBXFileReference; lastKnownFileType = audio.mp3; path = "இறைமாட்சி.mp3"; sourceTree = "<group>"; };
		FE6DD0402C930E5C00736D71 /* ஈகை.mp3 */ = {isa = PBXFileReference; lastKnownFileType = audio.mp3; path = "ஈகை.mp3"; sourceTree = "<group>"; };
		FE6DD0412C930E5C00736D71 /* இரவு.mp3 */ = {isa = PBXFileReference; lastKnownFileType = audio.mp3; path = "இரவு.mp3"; sourceTree = "<group>"; };
		FE6DD0422C930E5C00736D71 /* கண்விதுப்பழிதல்.mp3 */ = {isa = PBXFileReference; lastKnownFileType = audio.mp3; path = "கண்விதுப்பழிதல்.mp3"; sourceTree = "<group>"; };
		FE6DD0432C930E5C00736D71 /* வாய்மை.mp3 */ = {isa = PBXFileReference; lastKnownFileType = audio.mp3; path = "வாய்மை.mp3"; sourceTree = "<group>"; };
		FE6DD0442C930E5C00736D71 /* பெருமை.mp3 */ = {isa = PBXFileReference; lastKnownFileType = audio.mp3; path = "பெருமை.mp3"; sourceTree = "<group>"; };
		FE6DD0452C930E5C00736D71 /* நிறையழிதல்.mp3 */ = {isa = PBXFileReference; lastKnownFileType = audio.mp3; path = "நிறையழிதல்.mp3"; sourceTree = "<group>"; };
		FE6DD0462C930E5C00736D71 /* வான்சிறப்பு.mp3 */ = {isa = PBXFileReference; lastKnownFileType = audio.mp3; path = "வான்சிறப்பு.mp3"; sourceTree = "<group>"; };
		FE6DD0472C930E5C00736D71 /* தவம்.mp3 */ = {isa = PBXFileReference; lastKnownFileType = audio.mp3; path = "தவம்.mp3"; sourceTree = "<group>"; };
		FE6DD0482C930E5C00736D71 /* நட்பு.mp3 */ = {isa = PBXFileReference; lastKnownFileType = audio.mp3; path = "நட்பு.mp3"; sourceTree = "<group>"; };
		FE6DD0492C930E5C00736D71 /* வினைத்திட்பம்.mp3 */ = {isa = PBXFileReference; lastKnownFileType = audio.mp3; path = "வினைத்திட்பம்.mp3"; sourceTree = "<group>"; };
		FE6DD04A2C930E5C00736D71 /* வெகுளாமை.mp3 */ = {isa = PBXFileReference; lastKnownFileType = audio.mp3; path = "வெகுளாமை.mp3"; sourceTree = "<group>"; };
		FE6DD04B2C930E5C00736D71 /* கேள்வி.mp3 */ = {isa = PBXFileReference; lastKnownFileType = audio.mp3; path = "கேள்வி.mp3"; sourceTree = "<group>"; };
		FE6DD04C2C930E5C00736D71 /* அழுக்காறாமை.mp3 */ = {isa = PBXFileReference; lastKnownFileType = audio.mp3; path = "அழுக்காறாமை.mp3"; sourceTree = "<group>"; };
		FE6DD04D2C930E5C00736D71 /* புகழ்.mp3 */ = {isa = PBXFileReference; lastKnownFileType = audio.mp3; path = "புகழ்.mp3"; sourceTree = "<group>"; };
		FE6DD04E2C930E5C00736D71 /* இன்னாசெய்யாமை.mp3 */ = {isa = PBXFileReference; lastKnownFileType = audio.mp3; path = "இன்னாசெய்யாமை.mp3"; sourceTree = "<group>"; };
		FE6DD04F2C930E5D00736D71 /* ஆள்வினையுடைமை.mp3 */ = {isa = PBXFileReference; lastKnownFileType = audio.mp3; path = "ஆள்வினையுடைமை.mp3"; sourceTree = "<group>"; };
		FE6DD0502C930E5D00736D71 /* புலவி நுணுக்கம்.mp3 */ = {isa = PBXFileReference; lastKnownFileType = audio.mp3; path = "புலவி நுணுக்கம்.mp3"; sourceTree = "<group>"; };
		FE6DD0512C930E5D00736D71 /* நன்றியில்செல்வம்.mp3 */ = {isa = PBXFileReference; lastKnownFileType = audio.mp3; path = "நன்றியில்செல்வம்.mp3"; sourceTree = "<group>"; };
		FEC911FC2C956E7C00E6AE94 /* AppState.swift */ = {isa = PBXFileReference; fileEncoding = 4; lastKnownFileType = sourcecode.swift; name = AppState.swift; path = valluvan/AppState.swift; sourceTree = SOURCE_ROOT; };
		FEC911FE2C95719400E6AE94 /* AppDelegate.swift */ = {isa = PBXFileReference; fileEncoding = 4; lastKnownFileType = sourcecode.swift; path = AppDelegate.swift; sourceTree = "<group>"; };
		FEC911FF2C95719400E6AE94 /* NotificationManager.swift */ = {isa = PBXFileReference; fileEncoding = 4; lastKnownFileType = sourcecode.swift; path = NotificationManager.swift; sourceTree = "<group>"; };
		FECB6F762C92F33E00989E70 /* Preview Assets.xcassets */ = {isa = PBXFileReference; lastKnownFileType = folder.assetcatalog; path = "Preview Assets.xcassets"; sourceTree = "<group>"; };
		FECB6FFE2C92F33E00989E70 /* Assets.xcassets */ = {isa = PBXFileReference; lastKnownFileType = folder.assetcatalog; path = Assets.xcassets; sourceTree = "<group>"; };
		FECB6FFF2C92F33E00989E70 /* ContentView.swift */ = {isa = PBXFileReference; fileEncoding = 4; lastKnownFileType = sourcecode.swift; path = ContentView.swift; sourceTree = "<group>"; };
		FECB70002C92F33E00989E70 /* data.sqlite */ = {isa = PBXFileReference; lastKnownFileType = file; path = data.sqlite; sourceTree = "<group>"; };
		FECB70012C92F33E00989E70 /* DatabaseManager.swift */ = {isa = PBXFileReference; fileEncoding = 4; lastKnownFileType = sourcecode.swift; path = DatabaseManager.swift; sourceTree = "<group>"; };
		FECB70022C92F33E00989E70 /* valluvanApp.swift */ = {isa = PBXFileReference; fileEncoding = 4; lastKnownFileType = sourcecode.swift; path = valluvanApp.swift; sourceTree = "<group>"; };
/* End PBXFileReference section */

/* Begin PBXFrameworksBuildPhase section */
		FE1B2D802C92C133006DBC55 /* Frameworks */ = {
			isa = PBXFrameworksBuildPhase;
			buildActionMask = 2147483647;
			files = (
				FE624C112C92CCEC005195EC /* SQLite in Frameworks */,
			);
			runOnlyForDeploymentPostprocessing = 0;
		};
/* End PBXFrameworksBuildPhase section */

/* Begin PBXGroup section */
		FE1B2D7A2C92C133006DBC55 = {
			isa = PBXGroup;
			children = (
				FECB70032C92F33E00989E70 /* valluvan */,
				FE1B2D842C92C133006DBC55 /* Products */,
			);
			sourceTree = "<group>";
		};
		FE1B2D842C92C133006DBC55 /* Products */ = {
			isa = PBXGroup;
			children = (
				FE1B2D832C92C133006DBC55 /* Valluvan.app */,
			);
			name = Products;
			sourceTree = "<group>";
		};
		FECB6F772C92F33E00989E70 /* Preview Content */ = {
			isa = PBXGroup;
			children = (
				FECB6F762C92F33E00989E70 /* Preview Assets.xcassets */,
			);
			path = "Preview Content";
			sourceTree = "<group>";
		};
		FECB6FFD2C92F33E00989E70 /* Sounds */ = {
			isa = PBXGroup;
			children = (
				FE6DD0122C930E5C00736D71 /* அடக்கமுடைமை.mp3 */,
				FE6DD0102C930E5C00736D71 /* அமைச்சு.mp3 */,
				FE6DCFCE2C930E5B00736D71 /* அரண்.mp3 */,
				FE6DCFFA2C930E5B00736D71 /* அருளுடைமை.mp3 */,
				FE6DD01B2C930E5C00736D71 /* அலரறிவுறுத்தல்.mp3 */,
				FE6DD00E2C930E5C00736D71 /* அவர்வயின்விதும்பல்.mp3 */,
				FE6DD02C2C930E5C00736D71 /* அவாவறுத்தல்.mp3 */,
				FE6DD0282C930E5C00736D71 /* அவையஞ்சாமை.mp3 */,
				FE6DCFE62C930E5B00736D71 /* அவையறிதல்.mp3 */,
				FE6DD04C2C930E5C00736D71 /* அழுக்காறாமை.mp3 */,
				FE6DCFFF2C930E5B00736D71 /* அறன் வலியுறுத்தல்.mp3 */,
				FE6DCFE12C930E5B00736D71 /* அறிவுடைமை.mp3 */,
				FE6DD0202C930E5C00736D71 /* அன்புடைமை.mp3 */,
				FE6DD04F2C930E5D00736D71 /* ஆள்வினையுடைமை.mp3 */,
				FE6DCFE42C930E5B00736D71 /* இகல்.mp3 */,
				FE6DCFD32C930E5B00736D71 /* இடனறிதல்.mp3 */,
				FE6DD00B2C930E5C00736D71 /* இடுக்கணழியாமை.mp3 */,
				FE6DCFEC2C930E5B00736D71 /* இரவச்சம்.mp3 */,
				FE6DD0412C930E5C00736D71 /* இரவு.mp3 */,
				FE6DCFCF2C930E5B00736D71 /* இல்வாழ்க்கை.mp3 */,
				FE6DD03F2C930E5C00736D71 /* இறைமாட்சி.mp3 */,
				FE6DD0302C930E5C00736D71 /* இனியவைகூறல்.mp3 */,
				FE6DD04E2C930E5C00736D71 /* இன்னாசெய்யாமை.mp3 */,
				FE6DD0402C930E5C00736D71 /* ஈகை.mp3 */,
				FE6DD03B2C930E5C00736D71 /* உட்பகை.mp3 */,
				FE6DD0252C930E5C00736D71 /* உழவு.mp3 */,
				FE6DD0382C930E5C00736D71 /* உறுப்புநலனழிதல்.mp3 */,
				FE6DCFF52C930E5B00736D71 /* ஊக்கமுடைமை.mp3 */,
				FE6DCFEF2C930E5B00736D71 /* ஊடலுவகை.mp3 */,
				FE6DD0042C930E5C00736D71 /* ஊழ்.mp3 */,
				FE6DCFE82C930E5B00736D71 /* ஒப்புரவறிதல்.mp3 */,
				FE6DD0152C930E5C00736D71 /* ஒழுக்கமுடைமை.mp3 */,
				FE6DCFF72C930E5B00736D71 /* ஒற்றாடல்.mp3 */,
				FE6DCFEE2C930E5B00736D71 /* கடவுள் வாழ்த்து.mp3 */,
				FE6DD0392C930E5C00736D71 /* கண்ணோட்டம்.mp3 */,
				FE6DD0422C930E5C00736D71 /* கண்விதுப்பழிதல்.mp3 */,
				FE6DD0002C930E5C00736D71 /* கயமை.mp3 */,
				FE6DD0132C930E5C00736D71 /* கல்லாமை.mp3 */,
				FE6DCFD92C930E5B00736D71 /* கல்வி.mp3 */,
				FE6DD03D2C930E5C00736D71 /* கள்ளாமை.mp3 */,
				FE6DCFF22C930E5B00736D71 /* கள்ளுண்ணாமை.mp3 */,
				FE6DD03E2C930E5C00736D71 /* கனவுநிலையுரைத்தல்.mp3 */,
				FE6DD03C2C930E5C00736D71 /* காதற்சிறப்புரைத்தல்.mp3 */,
				FE6DD00D2C930E5C00736D71 /* காலமறிதல்.mp3 */,
				FE6DCFF12C930E5B00736D71 /* குடிசெயல்வகை.mp3 */,
				FE6DD02F2C930E5C00736D71 /* குடிமை.mp3 */,
				FE6DCFD52C930E5B00736D71 /* குறிப்பறிதல்.mp3 */,
				FE6DD0142C930E5C00736D71 /* குறிப்பறிவுறுத்தல்.mp3 */,
				FE6DD0092C930E5C00736D71 /* குற்றங்கடிதல்.mp3 */,
				FE6DD00F2C930E5C00736D71 /* கூடாநட்பு.mp3 */,
				FE6DCFDC2C930E5B00736D71 /* கூடாவொழுக்கம்.mp3 */,
				FE6DD04B2C930E5C00736D71 /* கேள்வி.mp3 */,
				FE6DCFF42C930E5B00736D71 /* கொடுங்கோன்மை.mp3 */,
				FE6DD0362C930E5C00736D71 /* கொல்லாமை.mp3 */,
				FE6DD0372C930E5C00736D71 /* சான்றாண்மை.mp3 */,
				FE6DCFDB2C930E5B00736D71 /* சிற்றினஞ்சேராமை.mp3 */,
				FE6DD0262C930E5C00736D71 /* சுற்றந்தழால்.mp3 */,
				FE6DD01E2C930E5C00736D71 /* சூது.mp3 */,
				FE6DD0342C930E5C00736D71 /* செங்கோன்மை.mp3 */,
				FE6DD01F2C930E5C00736D71 /* செய்ந்நன்றி அறிதல்.mp3 */,
				FE6DD03A2C930E5C00736D71 /* சொல்வன்மை.mp3 */,
				FE6DD0112C930E5C00736D71 /* தகையணங்குறுத்தல்.mp3 */,
				FE6DD0472C930E5C00736D71 /* தவம்.mp3 */,
				FE6DCFF92C930E5B00736D71 /* தனிப்படர்மிகுதி.mp3 */,
				FE6DD0212C930E5C00736D71 /* தீ நட்பு.mp3 */,
				FE6DD0292C930E5C00736D71 /* தீவினையச்சம்.mp3 */,
				FE6DD0312C930E5C00736D71 /* துறவு.mp3 */,
				FE6DD0232C930E5C00736D71 /* தூது.mp3 */,
				FE6DD0172C930E5C00736D71 /* தெரிந்துசெயல்வகை.mp3 */,
				FE6DCFDE2C930E5B00736D71 /* தெரிந்துதெளிதல்.mp3 */,
				FE6DD01C2C930E5C00736D71 /* தெரிந்துவினையாடல்.mp3 */,
				FE6DCFE72C930E5B00736D71 /* நடுவு நிலைமை.mp3 */,
				FE6DD02B2C930E5C00736D71 /* நட்பாராய்தல்.mp3 */,
				FE6DD0482C930E5C00736D71 /* நட்பு.mp3 */,
				FE6DCFD82C930E5B00736D71 /* நலம்புனைந்துரைத்தல்.mp3 */,
				FE6DD0022C930E5C00736D71 /* நல்குரவு.mp3 */,
				FE6DD0512C930E5D00736D71 /* நன்றியில்செல்வம்.mp3 */,
				FE6DCFE52C930E5B00736D71 /* நாடு.mp3 */,
				FE6DCFF82C930E5B00736D71 /* நாணுடைமை.mp3 */,
				FE6DCFD42C930E5B00736D71 /* நாணுத்துறவுரைத்தல்.mp3 */,
				FE6DD0072C930E5C00736D71 /* நிலையாமை.mp3 */,
				FE6DD0452C930E5C00736D71 /* நிறையழிதல்.mp3 */,
				FE6DCFDD2C930E5B00736D71 /* நினைந்தவர்புலம்பல்.mp3 */,
				FE6DD00C2C930E5C00736D71 /* நீத்தார் பெருமை.mp3 */,
				FE6DCFFC2C930E5B00736D71 /* நெஞ்சொடுகிளத்தல்.mp3 */,
				FE6DCFFD2C930E5B00736D71 /* நெஞ்சொடுபுலத்தல்.mp3 */,
				FE6DCFD62C930E5B00736D71 /* பகைத்திறந்தெரிதல்.mp3 */,
				FE6DD0182C930E5C00736D71 /* பகைமாட்சி.mp3 */,
				FE6DD0352C930E5C00736D71 /* பசப்புறுபருவரல்.mp3 */,
				FE6DD0052C930E5C00736D71 /* படர்மெலிந்திரங்கல்.mp3 */,
				FE6DD0242C930E5C00736D71 /* படைச்செருக்கு.mp3 */,
				FE6DD0082C930E5C00736D71 /* படைமாட்சி.mp3 */,
				FE6DD0272C930E5C00736D71 /* பண்புடைமை.mp3 */,
				FE6DCFE92C930E5B00736D71 /* பயனில சொல்லாமை.mp3 */,
				FE6DD02E2C930E5C00736D71 /* பழைமை.mp3 */,
				FE6DCFD22C930E5B00736D71 /* பிரிவாற்றாமை.mp3 */,
				FE6DD0332C930E5C00736D71 /* பிறனில் விழையாமை.mp3 */,
				FE6DD04D2C930E5C00736D71 /* புகழ்.mp3 */,
				FE6DCFF32C930E5B00736D71 /* புணர்ச்சிமகிழ்தல்.mp3 */,
				FE6DCFDF2C930E5B00736D71 /* புணர்ச்சிவிதும்பல்.mp3 */,
				FE6DD0502C930E5D00736D71 /* புலவி நுணுக்கம்.mp3 */,
				FE6DCFD12C930E5B00736D71 /* புலவி.mp3 */,
				FE6DD0192C930E5C00736D71 /* புலான்மறுத்தல்.mp3 */,
				FE6DCFFE2C930E5B00736D71 /* புல்லறிவாண்மை.mp3 */,
				FE6DCFF62C930E5B00736D71 /* புறங்கூறாமை.mp3 */,
				FE6DD0222C930E5C00736D71 /* பெண்வழிச்சேறல்.mp3 */,
				FE6DCFE32C930E5B00736D71 /* பெரியாரைத் துணைக்கோடல்.mp3 */,
				FE6DCFD72C930E5B00736D71 /* பெரியாரைப் பிழையாமை.mp3 */,
				FE6DD0442C930E5C00736D71 /* பெருமை.mp3 */,
				FE6DD01A2C930E5C00736D71 /* பேதைமை.mp3 */,
				FE6DD02D2C930E5C00736D71 /* பொச்சாவாமை.mp3 */,
				FE6DCFEA2C930E5B00736D71 /* பொருள்செயல்வகை.mp3 */,
				FE6DD01D2C930E5C00736D71 /* பொழுதுகண்டிரங்கல்.mp3 */,
				FE6DCFE02C930E5B00736D71 /* பொறையுடைமை.mp3 */,
				FE6DCFFB2C930E5B00736D71 /* மக்கட்பேறு.mp3 */,
				FE6DCFDA2C930E5B00736D71 /* மடியின்மை.mp3 */,
				FE6DCFE22C930E5B00736D71 /* மருந்து.mp3 */,
				FE6DCFEB2C930E5B00736D71 /* மன்னரைச் சேர்ந்தொழுதல்.mp3 */,
				FE6DD00A2C930E5C00736D71 /* மானம்.mp3 */,
				FE6DCFED2C930E5B00736D71 /* மெய்யுணர்தல்.mp3 */,
				FE6DD0012C930E5C00736D71 /* வரைவின்மகளிர்.mp3 */,
				FE6DCFD02C930E5B00736D71 /* வலியறிதல்.mp3 */,
				FE6DD0432C930E5C00736D71 /* வாய்மை.mp3 */,
				FE6DD0162C930E5C00736D71 /* வாழ்க்கைத் துணைநலம்.mp3 */,
				FE6DD0462C930E5C00736D71 /* வான்சிறப்பு.mp3 */,
				FE6DCFF02C930E5B00736D71 /* விருந்தோம்பல்.mp3 */,
				FE6DD0032C930E5C00736D71 /* வினைசெயல்வகை.mp3 */,
				FE6DD0492C930E5C00736D71 /* வினைத்திட்பம்.mp3 */,
				FE6DD0322C930E5C00736D71 /* வினைத்தூய்மை.mp3 */,
				FE6DD02A2C930E5C00736D71 /* வெஃகாமை.mp3 */,
				FE6DD04A2C930E5C00736D71 /* வெகுளாமை.mp3 */,
				FE6DD0062C930E5C00736D71 /* வெருவந்தசெய்யாமை.mp3 */,
			);
			path = Sounds;
			sourceTree = "<group>";
		};
		FECB70032C92F33E00989E70 /* valluvan */ = {
			isa = PBXGroup;
			children = (
				FECB6F772C92F33E00989E70 /* Preview Content */,
				FECB6FFD2C92F33E00989E70 /* Sounds */,
				FECB6FFE2C92F33E00989E70 /* Assets.xcassets */,
				FE42A35B2C959D5300C30205 /* Launch Screen.storyboard */,
				FECB6FFF2C92F33E00989E70 /* ContentView.swift */,
				FEC911FC2C956E7C00E6AE94 /* AppState.swift */,
				FECB70002C92F33E00989E70 /* data.sqlite */,
				FEC911FE2C95719400E6AE94 /* AppDelegate.swift */,
				FEC911FF2C95719400E6AE94 /* NotificationManager.swift */,
				FECB70012C92F33E00989E70 /* DatabaseManager.swift */,
				FECB70022C92F33E00989E70 /* valluvanApp.swift */,
			);
			path = valluvan;
			sourceTree = "<group>";
		};
/* End PBXGroup section */

/* Begin PBXNativeTarget section */
		FE1B2D822C92C133006DBC55 /* Valluvan */ = {
			isa = PBXNativeTarget;
			buildConfigurationList = FE1B2D912C92C136006DBC55 /* Build configuration list for PBXNativeTarget "Valluvan" */;
			buildPhases = (
				FE1B2D7F2C92C133006DBC55 /* Sources */,
				FE1B2D802C92C133006DBC55 /* Frameworks */,
				FE1B2D812C92C133006DBC55 /* Resources */,
			);
			buildRules = (
			);
			dependencies = (
			);
			name = Valluvan;
			packageProductDependencies = (
				FE624C102C92CCEC005195EC /* SQLite */,
			);
			productName = valluvan;
			productReference = FE1B2D832C92C133006DBC55 /* Valluvan.app */;
			productType = "com.apple.product-type.application";
		};
/* End PBXNativeTarget section */

/* Begin PBXProject section */
		FE1B2D7B2C92C133006DBC55 /* Project object */ = {
			isa = PBXProject;
			attributes = {
				BuildIndependentTargetsInParallel = 1;
				LastSwiftUpdateCheck = 1540;
				LastUpgradeCheck = 1540;
				TargetAttributes = {
					FE1B2D822C92C133006DBC55 = {
						CreatedOnToolsVersion = 15.4;
					};
				};
			};
			buildConfigurationList = FE1B2D7E2C92C133006DBC55 /* Build configuration list for PBXProject "valluvan" */;
			compatibilityVersion = "Xcode 14.0";
			developmentRegion = en;
			hasScannedForEncodings = 0;
			knownRegions = (
				en,
				Base,
			);
			mainGroup = FE1B2D7A2C92C133006DBC55;
			packageReferences = (
				FE624C0F2C92CCEC005195EC /* XCRemoteSwiftPackageReference "SQLite.swift" */,
			);
			productRefGroup = FE1B2D842C92C133006DBC55 /* Products */;
			projectDirPath = "";
			projectRoot = "";
			targets = (
				FE1B2D822C92C133006DBC55 /* Valluvan */,
			);
		};
/* End PBXProject section */

/* Begin PBXResourcesBuildPhase section */
		FE1B2D812C92C133006DBC55 /* Resources */ = {
			isa = PBXResourcesBuildPhase;
			buildActionMask = 2147483647;
			files = (
				FE6DD0BF2C930E5D00736D71 /* உட்பகை.mp3 in Resources */,
				FE6DD0602C930E5D00736D71 /* கூடாவொழுக்கம்.mp3 in Resources */,
				FE42A35C2C959D5300C30205 /* Launch Screen.storyboard in Resources */,
				FE6DD0CE2C930E5D00736D71 /* வெகுளாமை.mp3 in Resources */,
				FE6DD0612C930E5D00736D71 /* நினைந்தவர்புலம்பல்.mp3 in Resources */,
				FE6DD07B2C930E5D00736D71 /* ஒற்றாடல்.mp3 in Resources */,
				FE6DD0A12C930E5D00736D71 /* பொழுதுகண்டிரங்கல்.mp3 in Resources */,
				FE6DD0662C930E5D00736D71 /* மருந்து.mp3 in Resources */,
				FE6DD0822C930E5D00736D71 /* புல்லறிவாண்மை.mp3 in Resources */,
				FE6DD0A52C930E5D00736D71 /* தீ நட்பு.mp3 in Resources */,
				FE6DD06D2C930E5D00736D71 /* பயனில சொல்லாமை.mp3 in Resources */,
				FE6DD0AD2C930E5D00736D71 /* தீவினையச்சம்.mp3 in Resources */,
				FE6DD0A82C930E5D00736D71 /* படைச்செருக்கு.mp3 in Resources */,
				FE6DD0C32C930E5D00736D71 /* இறைமாட்சி.mp3 in Resources */,
				FE6DD0772C930E5D00736D71 /* புணர்ச்சிமகிழ்தல்.mp3 in Resources */,
				FE6DD08D2C930E5D00736D71 /* குற்றங்கடிதல்.mp3 in Resources */,
				FE6DD0C62C930E5D00736D71 /* கண்விதுப்பழிதல்.mp3 in Resources */,
				FE6DD05A2C930E5D00736D71 /* பகைத்திறந்தெரிதல்.mp3 in Resources */,
				FE6DD0792C930E5D00736D71 /* ஊக்கமுடைமை.mp3 in Resources */,
				FE6DD0812C930E5D00736D71 /* நெஞ்சொடுபுலத்தல்.mp3 in Resources */,
				FE6DD0A42C930E5D00736D71 /* அன்புடைமை.mp3 in Resources */,
				FE6DD0632C930E5D00736D71 /* புணர்ச்சிவிதும்பல்.mp3 in Resources */,
				FE6DD0952C930E5D00736D71 /* தகையணங்குறுத்தல்.mp3 in Resources */,
				FE6DD0702C930E5D00736D71 /* இரவச்சம்.mp3 in Resources */,
				FE6DD0A02C930E5D00736D71 /* தெரிந்துவினையாடல்.mp3 in Resources */,
				FE6DD05E2C930E5D00736D71 /* மடியின்மை.mp3 in Resources */,
				FECB70042C92F33E00989E70 /* Preview Assets.xcassets in Resources */,
				FE6DD06A2C930E5D00736D71 /* அவையறிதல்.mp3 in Resources */,
				FE6DD07C2C930E5D00736D71 /* நாணுடைமை.mp3 in Resources */,
				FE6DD09A2C930E5D00736D71 /* வாழ்க்கைத் துணைநலம்.mp3 in Resources */,
				FE6DD0AB2C930E5D00736D71 /* பண்புடைமை.mp3 in Resources */,
				FE6DD0C82C930E5D00736D71 /* பெருமை.mp3 in Resources */,
				FE6DD06F2C930E5D00736D71 /* மன்னரைச் சேர்ந்தொழுதல்.mp3 in Resources */,
				FE6DD0992C930E5D00736D71 /* ஒழுக்கமுடைமை.mp3 in Resources */,
				FE6DD0B02C930E5D00736D71 /* அவாவறுத்தல்.mp3 in Resources */,
				FE6DD0A92C930E5D00736D71 /* உழவு.mp3 in Resources */,
				FE6DD0742C930E5D00736D71 /* விருந்தோம்பல்.mp3 in Resources */,
				FE6DD0CB2C930E5D00736D71 /* தவம்.mp3 in Resources */,
				FE6DD0C52C930E5D00736D71 /* இரவு.mp3 in Resources */,
				FE6DD0962C930E5D00736D71 /* அடக்கமுடைமை.mp3 in Resources */,
				FE6DD0CF2C930E5D00736D71 /* கேள்வி.mp3 in Resources */,
				FE6DD09C2C930E5D00736D71 /* பகைமாட்சி.mp3 in Resources */,
				FE6DD0972C930E5D00736D71 /* கல்லாமை.mp3 in Resources */,
				FE6DD0B32C930E5D00736D71 /* குடிமை.mp3 in Resources */,
				FE6DD09B2C930E5D00736D71 /* தெரிந்துசெயல்வகை.mp3 in Resources */,
				FE6DD0682C930E5D00736D71 /* இகல்.mp3 in Resources */,
				FE6DD0BD2C930E5D00736D71 /* கண்ணோட்டம்.mp3 in Resources */,
				FE6DD09D2C930E5D00736D71 /* புலான்மறுத்தல்.mp3 in Resources */,
				FE6DD0902C930E5D00736D71 /* நீத்தார் பெருமை.mp3 in Resources */,
				FE6DD0A22C930E5D00736D71 /* சூது.mp3 in Resources */,
				FE6DD05B2C930E5D00736D71 /* பெரியாரைப் பிழையாமை.mp3 in Resources */,
				FE6DD0722C930E5D00736D71 /* கடவுள் வாழ்த்து.mp3 in Resources */,
				FE6DD07D2C930E5D00736D71 /* தனிப்படர்மிகுதி.mp3 in Resources */,
				FE6DD08E2C930E5D00736D71 /* மானம்.mp3 in Resources */,
				FE6DD0842C930E5D00736D71 /* கயமை.mp3 in Resources */,
				FE6DD08A2C930E5D00736D71 /* வெருவந்தசெய்யாமை.mp3 in Resources */,
				FE6DD0892C930E5D00736D71 /* படர்மெலிந்திரங்கல்.mp3 in Resources */,
				FE6DD0572C930E5D00736D71 /* இடனறிதல்.mp3 in Resources */,
				FE6DD08F2C930E5D00736D71 /* இடுக்கணழியாமை.mp3 in Resources */,
				FE6DD0C42C930E5D00736D71 /* ஈகை.mp3 in Resources */,
				FE6DD09F2C930E5D00736D71 /* அலரறிவுறுத்தல்.mp3 in Resources */,
				FE6DD05C2C930E5D00736D71 /* நலம்புனைந்துரைத்தல்.mp3 in Resources */,
				FE6DD0D42C930E5D00736D71 /* புலவி நுணுக்கம்.mp3 in Resources */,
				FECB708C2C92F33E00989E70 /* data.sqlite in Resources */,
				FE6DD0932C930E5D00736D71 /* கூடாநட்பு.mp3 in Resources */,
				FE6DD0B82C930E5D00736D71 /* செங்கோன்மை.mp3 in Resources */,
				FE6DD0B52C930E5D00736D71 /* துறவு.mp3 in Resources */,
				FE6DD0C92C930E5D00736D71 /* நிறையழிதல்.mp3 in Resources */,
				FE6DD0532C930E5D00736D71 /* இல்வாழ்க்கை.mp3 in Resources */,
				FE6DD0AA2C930E5D00736D71 /* சுற்றந்தழால்.mp3 in Resources */,
				FE6DD0BE2C930E5D00736D71 /* சொல்வன்மை.mp3 in Resources */,
				FE6DD0872C930E5D00736D71 /* வினைசெயல்வகை.mp3 in Resources */,
				FE6DD09E2C930E5D00736D71 /* பேதைமை.mp3 in Resources */,
				FE6DD0C02C930E5D00736D71 /* காதற்சிறப்புரைத்தல்.mp3 in Resources */,
				FECB708A2C92F33E00989E70 /* Assets.xcassets in Resources */,
				FE6DD07F2C930E5D00736D71 /* மக்கட்பேறு.mp3 in Resources */,
				FE6DD0BA2C930E5D00736D71 /* கொல்லாமை.mp3 in Resources */,
				FE6DD06E2C930E5D00736D71 /* பொருள்செயல்வகை.mp3 in Resources */,
				FE6DD0762C930E5D00736D71 /* கள்ளுண்ணாமை.mp3 in Resources */,
				FE6DD08B2C930E5D00736D71 /* நிலையாமை.mp3 in Resources */,
				FE6DD0CD2C930E5D00736D71 /* வினைத்திட்பம்.mp3 in Resources */,
				FE6DD0622C930E5D00736D71 /* தெரிந்துதெளிதல்.mp3 in Resources */,
				FE6DD0AC2C930E5D00736D71 /* அவையஞ்சாமை.mp3 in Resources */,
				FE6DD0912C930E5D00736D71 /* காலமறிதல்.mp3 in Resources */,
				FE6DD0A32C930E5D00736D71 /* செய்ந்நன்றி அறிதல்.mp3 in Resources */,
				FE6DD0562C930E5D00736D71 /* பிரிவாற்றாமை.mp3 in Resources */,
				FE6DD0522C930E5D00736D71 /* அரண்.mp3 in Resources */,
				FE6DD05D2C930E5D00736D71 /* கல்வி.mp3 in Resources */,
				FE6DD0C22C930E5D00736D71 /* கனவுநிலையுரைத்தல்.mp3 in Resources */,
				FE6DD0582C930E5D00736D71 /* நாணுத்துறவுரைத்தல்.mp3 in Resources */,
				FE6DD0832C930E5D00736D71 /* அறன் வலியுறுத்தல்.mp3 in Resources */,
				FE6DD0CC2C930E5D00736D71 /* நட்பு.mp3 in Resources */,
				FE6DD0D22C930E5D00736D71 /* இன்னாசெய்யாமை.mp3 in Resources */,
				FE6DD0D12C930E5D00736D71 /* புகழ்.mp3 in Resources */,
				FE6DD0B92C930E5D00736D71 /* பசப்புறுபருவரல்.mp3 in Resources */,
				FE6DD0CA2C930E5D00736D71 /* வான்சிறப்பு.mp3 in Resources */,
				FE6DD0552C930E5D00736D71 /* புலவி.mp3 in Resources */,
				FE6DD0D52C930E5D00736D71 /* நன்றியில்செல்வம்.mp3 in Resources */,
				FE6DD0A62C930E5D00736D71 /* பெண்வழிச்சேறல்.mp3 in Resources */,
				FE6DD0672C930E5D00736D71 /* பெரியாரைத் துணைக்கோடல்.mp3 in Resources */,
				FE6DD0A72C930E5D00736D71 /* தூது.mp3 in Resources */,
				FE6DD0B62C930E5D00736D71 /* வினைத்தூய்மை.mp3 in Resources */,
				FE6DD0AF2C930E5D00736D71 /* நட்பாராய்தல்.mp3 in Resources */,
				FE6DD0D32C930E5D00736D71 /* ஆள்வினையுடைமை.mp3 in Resources */,
				FE6DD07E2C930E5D00736D71 /* அருளுடைமை.mp3 in Resources */,
				FE6DD0712C930E5D00736D71 /* மெய்யுணர்தல்.mp3 in Resources */,
				FE6DD0782C930E5D00736D71 /* கொடுங்கோன்மை.mp3 in Resources */,
				FE6DD0592C930E5D00736D71 /* குறிப்பறிதல்.mp3 in Resources */,
				FE6DD0732C930E5D00736D71 /* ஊடலுவகை.mp3 in Resources */,
				FE6DD0852C930E5D00736D71 /* வரைவின்மகளிர்.mp3 in Resources */,
				FE6DD0C12C930E5D00736D71 /* கள்ளாமை.mp3 in Resources */,
				FE6DD0C72C930E5D00736D71 /* வாய்மை.mp3 in Resources */,
				FE6DD0862C930E5D00736D71 /* நல்குரவு.mp3 in Resources */,
				FE6DD0AE2C930E5D00736D71 /* வெஃகாமை.mp3 in Resources */,
				FE6DD0B12C930E5D00736D71 /* பொச்சாவாமை.mp3 in Resources */,
				FE6DD0D02C930E5D00736D71 /* அழுக்காறாமை.mp3 in Resources */,
				FE6DD0B72C930E5D00736D71 /* பிறனில் விழையாமை.mp3 in Resources */,
				FE6DD0692C930E5D00736D71 /* நாடு.mp3 in Resources */,
				FE6DD06C2C930E5D00736D71 /* ஒப்புரவறிதல்.mp3 in Resources */,
				FE6DD0922C930E5D00736D71 /* அவர்வயின்விதும்பல்.mp3 in Resources */,
				FE6DD0642C930E5D00736D71 /* பொறையுடைமை.mp3 in Resources */,
				FE6DD0802C930E5D00736D71 /* நெஞ்சொடுகிளத்தல்.mp3 in Resources */,
				FE6DD0752C930E5D00736D71 /* குடிசெயல்வகை.mp3 in Resources */,
				FE6DD0B42C930E5D00736D71 /* இனியவைகூறல்.mp3 in Resources */,
				FE6DD08C2C930E5D00736D71 /* படைமாட்சி.mp3 in Resources */,
				FE6DD0882C930E5D00736D71 /* ஊழ்.mp3 in Resources */,
				FE6DD0982C930E5D00736D71 /* குறிப்பறிவுறுத்தல்.mp3 in Resources */,
				FE6DD0BB2C930E5D00736D71 /* சான்றாண்மை.mp3 in Resources */,
				FE6DD06B2C930E5D00736D71 /* நடுவு நிலைமை.mp3 in Resources */,
				FE6DD0652C930E5D00736D71 /* அறிவுடைமை.mp3 in Resources */,
				FE6DD0B22C930E5D00736D71 /* பழைமை.mp3 in Resources */,
				FE6DD0942C930E5D00736D71 /* அமைச்சு.mp3 in Resources */,
				FE6DD0542C930E5D00736D71 /* வலியறிதல்.mp3 in Resources */,
				FE6DD05F2C930E5D00736D71 /* சிற்றினஞ்சேராமை.mp3 in Resources */,
				FE6DD07A2C930E5D00736D71 /* புறங்கூறாமை.mp3 in Resources */,
				FE6DD0BC2C930E5D00736D71 /* உறுப்புநலனழிதல்.mp3 in Resources */,
			);
			runOnlyForDeploymentPostprocessing = 0;
		};
/* End PBXResourcesBuildPhase section */

/* Begin PBXSourcesBuildPhase section */
		FE1B2D7F2C92C133006DBC55 /* Sources */ = {
			isa = PBXSourcesBuildPhase;
			buildActionMask = 2147483647;
			files = (
				FEC912012C95719400E6AE94 /* NotificationManager.swift in Sources */,
				FECB708E2C92F33E00989E70 /* valluvanApp.swift in Sources */,
				FECB708D2C92F33E00989E70 /* DatabaseManager.swift in Sources */,
				FECB708B2C92F33E00989E70 /* ContentView.swift in Sources */,
				FEC912002C95719400E6AE94 /* AppDelegate.swift in Sources */,
				FEC911FD2C956E7C00E6AE94 /* AppState.swift in Sources */,
			);
			runOnlyForDeploymentPostprocessing = 0;
		};
/* End PBXSourcesBuildPhase section */

/* Begin XCBuildConfiguration section */
		FE1B2D8F2C92C136006DBC55 /* Debug */ = {
			isa = XCBuildConfiguration;
			buildSettings = {
				ALWAYS_SEARCH_USER_PATHS = NO;
				ASSETCATALOG_COMPILER_GENERATE_SWIFT_ASSET_SYMBOL_EXTENSIONS = YES;
				CLANG_ANALYZER_NONNULL = YES;
				CLANG_ANALYZER_NUMBER_OBJECT_CONVERSION = YES_AGGRESSIVE;
				CLANG_CXX_LANGUAGE_STANDARD = "gnu++20";
				CLANG_ENABLE_MODULES = YES;
				CLANG_ENABLE_OBJC_ARC = YES;
				CLANG_ENABLE_OBJC_WEAK = YES;
				CLANG_WARN_BLOCK_CAPTURE_AUTORELEASING = YES;
				CLANG_WARN_BOOL_CONVERSION = YES;
				CLANG_WARN_COMMA = YES;
				CLANG_WARN_CONSTANT_CONVERSION = YES;
				CLANG_WARN_DEPRECATED_OBJC_IMPLEMENTATIONS = YES;
				CLANG_WARN_DIRECT_OBJC_ISA_USAGE = YES_ERROR;
				CLANG_WARN_DOCUMENTATION_COMMENTS = YES;
				CLANG_WARN_EMPTY_BODY = YES;
				CLANG_WARN_ENUM_CONVERSION = YES;
				CLANG_WARN_INFINITE_RECURSION = YES;
				CLANG_WARN_INT_CONVERSION = YES;
				CLANG_WARN_NON_LITERAL_NULL_CONVERSION = YES;
				CLANG_WARN_OBJC_IMPLICIT_RETAIN_SELF = YES;
				CLANG_WARN_OBJC_LITERAL_CONVERSION = YES;
				CLANG_WARN_OBJC_ROOT_CLASS = YES_ERROR;
				CLANG_WARN_QUOTED_INCLUDE_IN_FRAMEWORK_HEADER = YES;
				CLANG_WARN_RANGE_LOOP_ANALYSIS = YES;
				CLANG_WARN_STRICT_PROTOTYPES = YES;
				CLANG_WARN_SUSPICIOUS_MOVE = YES;
				CLANG_WARN_UNGUARDED_AVAILABILITY = YES_AGGRESSIVE;
				CLANG_WARN_UNREACHABLE_CODE = YES;
				CLANG_WARN__DUPLICATE_METHOD_MATCH = YES;
				COPY_PHASE_STRIP = NO;
				DEBUG_INFORMATION_FORMAT = dwarf;
				ENABLE_STRICT_OBJC_MSGSEND = YES;
				ENABLE_TESTABILITY = YES;
				ENABLE_USER_SCRIPT_SANDBOXING = YES;
				GCC_C_LANGUAGE_STANDARD = gnu17;
				GCC_DYNAMIC_NO_PIC = NO;
				GCC_NO_COMMON_BLOCKS = YES;
				GCC_OPTIMIZATION_LEVEL = 0;
				GCC_PREPROCESSOR_DEFINITIONS = (
					"DEBUG=1",
					"$(inherited)",
				);
				GCC_WARN_64_TO_32_BIT_CONVERSION = YES;
				GCC_WARN_ABOUT_RETURN_TYPE = YES_ERROR;
				GCC_WARN_UNDECLARED_SELECTOR = YES;
				GCC_WARN_UNINITIALIZED_AUTOS = YES_AGGRESSIVE;
				GCC_WARN_UNUSED_FUNCTION = YES;
				GCC_WARN_UNUSED_VARIABLE = YES;
				IPHONEOS_DEPLOYMENT_TARGET = 17.5;
				LOCALIZATION_PREFERS_STRING_CATALOGS = YES;
				MTL_ENABLE_DEBUG_INFO = INCLUDE_SOURCE;
				MTL_FAST_MATH = YES;
				ONLY_ACTIVE_ARCH = YES;
				SDKROOT = iphoneos;
				SWIFT_ACTIVE_COMPILATION_CONDITIONS = "DEBUG $(inherited)";
				SWIFT_OPTIMIZATION_LEVEL = "-Onone";
			};
			name = Debug;
		};
		FE1B2D902C92C136006DBC55 /* Release */ = {
			isa = XCBuildConfiguration;
			buildSettings = {
				ALWAYS_SEARCH_USER_PATHS = NO;
				ASSETCATALOG_COMPILER_GENERATE_SWIFT_ASSET_SYMBOL_EXTENSIONS = YES;
				CLANG_ANALYZER_NONNULL = YES;
				CLANG_ANALYZER_NUMBER_OBJECT_CONVERSION = YES_AGGRESSIVE;
				CLANG_CXX_LANGUAGE_STANDARD = "gnu++20";
				CLANG_ENABLE_MODULES = YES;
				CLANG_ENABLE_OBJC_ARC = YES;
				CLANG_ENABLE_OBJC_WEAK = YES;
				CLANG_WARN_BLOCK_CAPTURE_AUTORELEASING = YES;
				CLANG_WARN_BOOL_CONVERSION = YES;
				CLANG_WARN_COMMA = YES;
				CLANG_WARN_CONSTANT_CONVERSION = YES;
				CLANG_WARN_DEPRECATED_OBJC_IMPLEMENTATIONS = YES;
				CLANG_WARN_DIRECT_OBJC_ISA_USAGE = YES_ERROR;
				CLANG_WARN_DOCUMENTATION_COMMENTS = YES;
				CLANG_WARN_EMPTY_BODY = YES;
				CLANG_WARN_ENUM_CONVERSION = YES;
				CLANG_WARN_INFINITE_RECURSION = YES;
				CLANG_WARN_INT_CONVERSION = YES;
				CLANG_WARN_NON_LITERAL_NULL_CONVERSION = YES;
				CLANG_WARN_OBJC_IMPLICIT_RETAIN_SELF = YES;
				CLANG_WARN_OBJC_LITERAL_CONVERSION = YES;
				CLANG_WARN_OBJC_ROOT_CLASS = YES_ERROR;
				CLANG_WARN_QUOTED_INCLUDE_IN_FRAMEWORK_HEADER = YES;
				CLANG_WARN_RANGE_LOOP_ANALYSIS = YES;
				CLANG_WARN_STRICT_PROTOTYPES = YES;
				CLANG_WARN_SUSPICIOUS_MOVE = YES;
				CLANG_WARN_UNGUARDED_AVAILABILITY = YES_AGGRESSIVE;
				CLANG_WARN_UNREACHABLE_CODE = YES;
				CLANG_WARN__DUPLICATE_METHOD_MATCH = YES;
				COPY_PHASE_STRIP = NO;
				DEBUG_INFORMATION_FORMAT = "dwarf-with-dsym";
				ENABLE_NS_ASSERTIONS = NO;
				ENABLE_STRICT_OBJC_MSGSEND = YES;
				ENABLE_USER_SCRIPT_SANDBOXING = YES;
				GCC_C_LANGUAGE_STANDARD = gnu17;
				GCC_NO_COMMON_BLOCKS = YES;
				GCC_WARN_64_TO_32_BIT_CONVERSION = YES;
				GCC_WARN_ABOUT_RETURN_TYPE = YES_ERROR;
				GCC_WARN_UNDECLARED_SELECTOR = YES;
				GCC_WARN_UNINITIALIZED_AUTOS = YES_AGGRESSIVE;
				GCC_WARN_UNUSED_FUNCTION = YES;
				GCC_WARN_UNUSED_VARIABLE = YES;
				IPHONEOS_DEPLOYMENT_TARGET = 17.5;
				LOCALIZATION_PREFERS_STRING_CATALOGS = YES;
				MTL_ENABLE_DEBUG_INFO = NO;
				MTL_FAST_MATH = YES;
				SDKROOT = iphoneos;
				SWIFT_COMPILATION_MODE = wholemodule;
				VALIDATE_PRODUCT = YES;
			};
			name = Release;
		};
		FE1B2D922C92C136006DBC55 /* Debug */ = {
			isa = XCBuildConfiguration;
			buildSettings = {
				ASSETCATALOG_COMPILER_APPICON_NAME = AppIcon;
				ASSETCATALOG_COMPILER_GLOBAL_ACCENT_COLOR_NAME = AccentColor;
				CODE_SIGN_STYLE = Automatic;
				CURRENT_PROJECT_VERSION = 1;
				DEVELOPMENT_ASSET_PATHS = "valluvan/Preview\\ Content";
				DEVELOPMENT_TEAM = GYB67KYAAB;
				ENABLE_PREVIEWS = YES;
				GENERATE_INFOPLIST_FILE = YES;
				INFOPLIST_KEY_UIApplicationSceneManifest_Generation = YES;
				INFOPLIST_KEY_UIApplicationSupportsIndirectInputEvents = YES;
				INFOPLIST_KEY_UILaunchScreen_Generation = NO;
				INFOPLIST_KEY_UILaunchStoryboardName = LaunchScreen;
				INFOPLIST_KEY_UISupportedInterfaceOrientations_iPad = "UIInterfaceOrientationPortrait UIInterfaceOrientationPortraitUpsideDown UIInterfaceOrientationLandscapeLeft UIInterfaceOrientationLandscapeRight";
				INFOPLIST_KEY_UISupportedInterfaceOrientations_iPhone = "UIInterfaceOrientationPortrait UIInterfaceOrientationLandscapeLeft UIInterfaceOrientationLandscapeRight";
				LD_RUNPATH_SEARCH_PATHS = (
					"$(inherited)",
					"@executable_path/Frameworks",
				);
				MARKETING_VERSION = 1.0;
				PRODUCT_BUNDLE_IDENTIFIER = com.devois.valluvan;
				PRODUCT_NAME = "$(TARGET_NAME)";
				SWIFT_EMIT_LOC_STRINGS = YES;
				SWIFT_VERSION = 5.0;
				TARGETED_DEVICE_FAMILY = "1,2";
			};
			name = Debug;
		};
		FE1B2D932C92C136006DBC55 /* Release */ = {
			isa = XCBuildConfiguration;
			buildSettings = {
				ASSETCATALOG_COMPILER_APPICON_NAME = AppIcon;
				ASSETCATALOG_COMPILER_GLOBAL_ACCENT_COLOR_NAME = AccentColor;
				CODE_SIGN_STYLE = Automatic;
				CURRENT_PROJECT_VERSION = 1;
				DEVELOPMENT_ASSET_PATHS = "valluvan/Preview\\ Content";
				DEVELOPMENT_TEAM = GYB67KYAAB;
				ENABLE_PREVIEWS = YES;
				GENERATE_INFOPLIST_FILE = YES;
				INFOPLIST_KEY_UIApplicationSceneManifest_Generation = YES;
				INFOPLIST_KEY_UIApplicationSupportsIndirectInputEvents = YES;
				INFOPLIST_KEY_UILaunchScreen_Generation = YES;
				INFOPLIST_KEY_UISupportedInterfaceOrientations_iPad = "UIInterfaceOrientationPortrait UIInterfaceOrientationPortraitUpsideDown UIInterfaceOrientationLandscapeLeft UIInterfaceOrientationLandscapeRight";
				INFOPLIST_KEY_UISupportedInterfaceOrientations_iPhone = "UIInterfaceOrientationPortrait UIInterfaceOrientationLandscapeLeft UIInterfaceOrientationLandscapeRight";
				LD_RUNPATH_SEARCH_PATHS = (
					"$(inherited)",
					"@executable_path/Frameworks",
				);
				MARKETING_VERSION = 1.0;
				PRODUCT_BUNDLE_IDENTIFIER = com.devois.valluvan;
				PRODUCT_NAME = "$(TARGET_NAME)";
				SWIFT_EMIT_LOC_STRINGS = YES;
				SWIFT_VERSION = 5.0;
				TARGETED_DEVICE_FAMILY = "1,2";
			};
			name = Release;
		};
/* End XCBuildConfiguration section */

/* Begin XCConfigurationList section */
		FE1B2D7E2C92C133006DBC55 /* Build configuration list for PBXProject "valluvan" */ = {
			isa = XCConfigurationList;
			buildConfigurations = (
				FE1B2D8F2C92C136006DBC55 /* Debug */,
				FE1B2D902C92C136006DBC55 /* Release */,
			);
			defaultConfigurationIsVisible = 0;
			defaultConfigurationName = Release;
		};
		FE1B2D912C92C136006DBC55 /* Build configuration list for PBXNativeTarget "Valluvan" */ = {
			isa = XCConfigurationList;
			buildConfigurations = (
				FE1B2D922C92C136006DBC55 /* Debug */,
				FE1B2D932C92C136006DBC55 /* Release */,
			);
			defaultConfigurationIsVisible = 0;
			defaultConfigurationName = Release;
		};
/* End XCConfigurationList section */

/* Begin XCRemoteSwiftPackageReference section */
		FE624C0F2C92CCEC005195EC /* XCRemoteSwiftPackageReference "SQLite.swift" */ = {
			isa = XCRemoteSwiftPackageReference;
			repositoryURL = "https://github.com/stephencelis/SQLite.swift.git";
			requirement = {
				kind = upToNextMajorVersion;
				minimumVersion = 0.15.3;
			};
		};
/* End XCRemoteSwiftPackageReference section */

/* Begin XCSwiftPackageProductDependency section */
		FE624C102C92CCEC005195EC /* SQLite */ = {
			isa = XCSwiftPackageProductDependency;
			package = FE624C0F2C92CCEC005195EC /* XCRemoteSwiftPackageReference "SQLite.swift" */;
			productName = SQLite;
		};
/* End XCSwiftPackageProductDependency section */
	};
	rootObject = FE1B2D7B2C92C133006DBC55 /* Project object */;
}
